
Microsoft Visual Studio Solution File, Format Version 12.00
# Visual Studio Version 18
VisualStudioVersion = 18.3.11426.168
MinimumVisualStudioVersion = 10.0.40219.1
Project("{F184B08F-C81C-45F6-A57F-5ABD9991F28F}") = "Project Z Windows", "Project Z Windows.vbproj", "{F3AF63E1-AB4E-CB7E-C795-0184707DB424}"
EndProject
Project("{F184B08F-C81C-45F6-A57F-5ABD9991F28F}") = "Project Z Tower Defense", "Project Z Tower Defense\Project Z Tower Defense.vbproj", "{AA6EF446-778F-C4ED-D817-CF8232BEDEB2}"
EndProject
Project("{F184B08F-C81C-45F6-A57F-5ABD9991F28F}") = "Project Z Audio", "Project Z Audio\Project Z Audio.vbproj", "{89D9BF00-90BE-AC5E-DF73-5ED28233C97C}"
EndProject
Project("{F184B08F-C81C-45F6-A57F-5ABD9991F28F}") = "Project Z Video FX", "Project Z Video FX\Project Z Video FX.vbproj", "{7EEB4F17-2AF0-6FCC-84B6-FDCA5D248518}"
EndProject
Project("{F184B08F-C81C-45F6-A57F-5ABD9991F28F}") = "Project Z Application (Windows)", "Project Z Application\Project Z Application (Windows).vbproj", "{3A65FFAA-87FA-4166-B916-2DCCD6CE4486}"
EndProject
Project("{FAE04EC0-301F-11D3-BF4B-00C04F79EFBC}") = "Project Z VST", "Project Z VST\Project Z VST.csproj", "{9D1B2F76-43A5-4C8C-9D76-8E793E6C4A21}"
EndProject
Project("{2150E333-8FDC-42A3-9474-1A3956D46DE8}") = "heirowSnap Protocol", "heirowSnap Protocol", "{68D11309-A12F-BE18-F211-00DF792D6079}"
EndProject
Project("{F184B08F-C81C-45F6-A57F-5ABD9991F28F}") = "SharedClasses", "heirowSnap Protocol\SharedClasses.vbproj", "{DEA9E465-30B2-4EC2-957C-ABC7F8A26F08}"
EndProject
Project("{F184B08F-C81C-45F6-A57F-5ABD9991F28F}") = "heirowSnap Project Z", "heirowSnap Project Z\heirowSnap Project Z.vbproj", "{8B3AAED4-BA9E-43B3-99CB-6093FE5B5193}"
EndProject
Project("{F184B08F-C81C-45F6-A57F-5ABD9991F28F}") = "heirowSnap Legacy Settings", "heirowSnap Legacy Settings\heirowSnap Legacy Settings.vbproj", "{9BD5F97D-7D7F-41C8-9D62-AA7BF8AE7434}"
EndProject
Global
	GlobalSection(SolutionConfigurationPlatforms) = preSolution
		Android|Any CPU = Android|Any CPU
		Android|Mixed Platforms = Android|Mixed Platforms
		Android|x64 = Android|x64
		Android|x86 = Android|x86
		Debug|Any CPU = Debug|Any CPU
		Debug|Mixed Platforms = Debug|Mixed Platforms
		Debug|x64 = Debug|x64
		Debug|x86 = Debug|x86
		iOS|Any CPU = iOS|Any CPU
		iOS|Mixed Platforms = iOS|Mixed Platforms
		iOS|x64 = iOS|x64
		iOS|x86 = iOS|x86
		Linux|Any CPU = Linux|Any CPU
		Linux|Mixed Platforms = Linux|Mixed Platforms
		Linux|x64 = Linux|x64
		Linux|x86 = Linux|x86
		OSX|Any CPU = OSX|Any CPU
		OSX|Mixed Platforms = OSX|Mixed Platforms
		OSX|x64 = OSX|x64
		OSX|x86 = OSX|x86
		PSM|Any CPU = PSM|Any CPU
		PSM|Mixed Platforms = PSM|Mixed Platforms
		PSM|x64 = PSM|x64
		PSM|x86 = PSM|x86
		Release|Any CPU = Release|Any CPU
		Release|Mixed Platforms = Release|Mixed Platforms
		Release|x64 = Release|x64
		Release|x86 = Release|x86
		Windows|Any CPU = Windows|Any CPU
		Windows|Mixed Platforms = Windows|Mixed Platforms
		Windows|x64 = Windows|x64
		Windows|x86 = Windows|x86
		Windows8|Any CPU = Windows8|Any CPU
		Windows8|Mixed Platforms = Windows8|Mixed Platforms
		Windows8|x64 = Windows8|x64
		Windows8|x86 = Windows8|x86
	EndGlobalSection
	GlobalSection(ProjectConfigurationPlatforms) = postSolution
		{F3AF63E1-AB4E-CB7E-C795-0184707DB424}.Android|Any CPU.ActiveCfg = Release|Any CPU
		{F3AF63E1-AB4E-CB7E-C795-0184707DB424}.Android|Any CPU.Build.0 = Release|Any CPU
		{F3AF63E1-AB4E-CB7E-C795-0184707DB424}.Android|Mixed Platforms.ActiveCfg = Release|Any CPU
		{F3AF63E1-AB4E-CB7E-C795-0184707DB424}.Android|Mixed Platforms.Build.0 = Release|Any CPU
		{F3AF63E1-AB4E-CB7E-C795-0184707DB424}.Android|x64.ActiveCfg = Release|x64
		{F3AF63E1-AB4E-CB7E-C795-0184707DB424}.Android|x64.Build.0 = Release|x64
		{F3AF63E1-AB4E-CB7E-C795-0184707DB424}.Android|x86.ActiveCfg = Release|Any CPU
		{F3AF63E1-AB4E-CB7E-C795-0184707DB424}.Android|x86.Build.0 = Release|Any CPU
		{F3AF63E1-AB4E-CB7E-C795-0184707DB424}.Debug|Any CPU.ActiveCfg = Debug|Any CPU
		{F3AF63E1-AB4E-CB7E-C795-0184707DB424}.Debug|Any CPU.Build.0 = Debug|Any CPU
		{F3AF63E1-AB4E-CB7E-C795-0184707DB424}.Debug|Mixed Platforms.ActiveCfg = Debug|Any CPU
		{F3AF63E1-AB4E-CB7E-C795-0184707DB424}.Debug|Mixed Platforms.Build.0 = Debug|Any CPU
		{F3AF63E1-AB4E-CB7E-C795-0184707DB424}.Debug|x64.ActiveCfg = Debug|x64
		{F3AF63E1-AB4E-CB7E-C795-0184707DB424}.Debug|x64.Build.0 = Debug|x64
		{F3AF63E1-AB4E-CB7E-C795-0184707DB424}.Debug|x86.ActiveCfg = Debug|Any CPU
		{F3AF63E1-AB4E-CB7E-C795-0184707DB424}.Debug|x86.Build.0 = Debug|Any CPU
		{F3AF63E1-AB4E-CB7E-C795-0184707DB424}.iOS|Any CPU.ActiveCfg = Debug|Any CPU
		{F3AF63E1-AB4E-CB7E-C795-0184707DB424}.iOS|Any CPU.Build.0 = Debug|Any CPU
		{F3AF63E1-AB4E-CB7E-C795-0184707DB424}.iOS|Mixed Platforms.ActiveCfg = Debug|Any CPU
		{F3AF63E1-AB4E-CB7E-C795-0184707DB424}.iOS|Mixed Platforms.Build.0 = Debug|Any CPU
		{F3AF63E1-AB4E-CB7E-C795-0184707DB424}.iOS|x64.ActiveCfg = Release|x64
		{F3AF63E1-AB4E-CB7E-C795-0184707DB424}.iOS|x64.Build.0 = Release|x64
		{F3AF63E1-AB4E-CB7E-C795-0184707DB424}.iOS|x86.ActiveCfg = Debug|Any CPU
		{F3AF63E1-AB4E-CB7E-C795-0184707DB424}.iOS|x86.Build.0 = Debug|Any CPU
		{F3AF63E1-AB4E-CB7E-C795-0184707DB424}.Linux|Any CPU.ActiveCfg = Release|Any CPU
		{F3AF63E1-AB4E-CB7E-C795-0184707DB424}.Linux|Any CPU.Build.0 = Release|Any CPU
		{F3AF63E1-AB4E-CB7E-C795-0184707DB424}.Linux|Mixed Platforms.ActiveCfg = Release|Any CPU
		{F3AF63E1-AB4E-CB7E-C795-0184707DB424}.Linux|Mixed Platforms.Build.0 = Release|Any CPU
		{F3AF63E1-AB4E-CB7E-C795-0184707DB424}.Linux|x64.ActiveCfg = Release|x64
		{F3AF63E1-AB4E-CB7E-C795-0184707DB424}.Linux|x64.Build.0 = Release|x64
		{F3AF63E1-AB4E-CB7E-C795-0184707DB424}.Linux|x86.ActiveCfg = Release|Any CPU
		{F3AF63E1-AB4E-CB7E-C795-0184707DB424}.Linux|x86.Build.0 = Release|Any CPU
		{F3AF63E1-AB4E-CB7E-C795-0184707DB424}.OSX|Any CPU.ActiveCfg = Debug|Any CPU
		{F3AF63E1-AB4E-CB7E-C795-0184707DB424}.OSX|Any CPU.Build.0 = Debug|Any CPU
		{F3AF63E1-AB4E-CB7E-C795-0184707DB424}.OSX|Mixed Platforms.ActiveCfg = Debug|Any CPU
		{F3AF63E1-AB4E-CB7E-C795-0184707DB424}.OSX|Mixed Platforms.Build.0 = Debug|Any CPU
		{F3AF63E1-AB4E-CB7E-C795-0184707DB424}.OSX|x64.ActiveCfg = Release|x64
		{F3AF63E1-AB4E-CB7E-C795-0184707DB424}.OSX|x64.Build.0 = Release|x64
		{F3AF63E1-AB4E-CB7E-C795-0184707DB424}.OSX|x86.ActiveCfg = Debug|Any CPU
		{F3AF63E1-AB4E-CB7E-C795-0184707DB424}.OSX|x86.Build.0 = Debug|Any CPU
		{F3AF63E1-AB4E-CB7E-C795-0184707DB424}.PSM|Any CPU.ActiveCfg = Debug|Any CPU
		{F3AF63E1-AB4E-CB7E-C795-0184707DB424}.PSM|Any CPU.Build.0 = Debug|Any CPU
		{F3AF63E1-AB4E-CB7E-C795-0184707DB424}.PSM|Mixed Platforms.ActiveCfg = Debug|Any CPU
		{F3AF63E1-AB4E-CB7E-C795-0184707DB424}.PSM|Mixed Platforms.Build.0 = Debug|Any CPU
		{F3AF63E1-AB4E-CB7E-C795-0184707DB424}.PSM|x64.ActiveCfg = Release|x64
		{F3AF63E1-AB4E-CB7E-C795-0184707DB424}.PSM|x64.Build.0 = Release|x64
		{F3AF63E1-AB4E-CB7E-C795-0184707DB424}.PSM|x86.ActiveCfg = Debug|Any CPU
		{F3AF63E1-AB4E-CB7E-C795-0184707DB424}.PSM|x86.Build.0 = Debug|Any CPU
		{F3AF63E1-AB4E-CB7E-C795-0184707DB424}.Release|Any CPU.ActiveCfg = Release|Any CPU
		{F3AF63E1-AB4E-CB7E-C795-0184707DB424}.Release|Any CPU.Build.0 = Release|Any CPU
		{F3AF63E1-AB4E-CB7E-C795-0184707DB424}.Release|Mixed Platforms.ActiveCfg = Release|Any CPU
		{F3AF63E1-AB4E-CB7E-C795-0184707DB424}.Release|Mixed Platforms.Build.0 = Release|Any CPU
		{F3AF63E1-AB4E-CB7E-C795-0184707DB424}.Release|x64.ActiveCfg = Release|x64
		{F3AF63E1-AB4E-CB7E-C795-0184707DB424}.Release|x64.Build.0 = Release|x64
		{F3AF63E1-AB4E-CB7E-C795-0184707DB424}.Release|x86.ActiveCfg = Release|Any CPU
		{F3AF63E1-AB4E-CB7E-C795-0184707DB424}.Release|x86.Build.0 = Release|Any CPU
		{F3AF63E1-AB4E-CB7E-C795-0184707DB424}.Windows|Any CPU.ActiveCfg = Release|Any CPU
		{F3AF63E1-AB4E-CB7E-C795-0184707DB424}.Windows|Any CPU.Build.0 = Release|Any CPU
		{F3AF63E1-AB4E-CB7E-C795-0184707DB424}.Windows|Mixed Platforms.ActiveCfg = Release|Any CPU
		{F3AF63E1-AB4E-CB7E-C795-0184707DB424}.Windows|Mixed Platforms.Build.0 = Release|Any CPU
		{F3AF63E1-AB4E-CB7E-C795-0184707DB424}.Windows|x64.ActiveCfg = Release|x64
		{F3AF63E1-AB4E-CB7E-C795-0184707DB424}.Windows|x64.Build.0 = Release|x64
		{F3AF63E1-AB4E-CB7E-C795-0184707DB424}.Windows|x86.ActiveCfg = Release|Any CPU
		{F3AF63E1-AB4E-CB7E-C795-0184707DB424}.Windows|x86.Build.0 = Release|Any CPU
		{F3AF63E1-AB4E-CB7E-C795-0184707DB424}.Windows8|Any CPU.ActiveCfg = Release|Any CPU
		{F3AF63E1-AB4E-CB7E-C795-0184707DB424}.Windows8|Any CPU.Build.0 = Release|Any CPU
		{F3AF63E1-AB4E-CB7E-C795-0184707DB424}.Windows8|Mixed Platforms.ActiveCfg = Release|Any CPU
		{F3AF63E1-AB4E-CB7E-C795-0184707DB424}.Windows8|Mixed Platforms.Build.0 = Release|Any CPU
		{F3AF63E1-AB4E-CB7E-C795-0184707DB424}.Windows8|x64.ActiveCfg = Release|x64
		{F3AF63E1-AB4E-CB7E-C795-0184707DB424}.Windows8|x64.Build.0 = Release|x64
		{F3AF63E1-AB4E-CB7E-C795-0184707DB424}.Windows8|x86.ActiveCfg = Release|Any CPU
		{F3AF63E1-AB4E-CB7E-C795-0184707DB424}.Windows8|x86.Build.0 = Release|Any CPU
		{AA6EF446-778F-C4ED-D817-CF8232BEDEB2}.Android|Any CPU.ActiveCfg = Release|Any CPU
		{AA6EF446-778F-C4ED-D817-CF8232BEDEB2}.Android|Any CPU.Build.0 = Release|Any CPU
		{AA6EF446-778F-C4ED-D817-CF8232BEDEB2}.Android|Mixed Platforms.ActiveCfg = Release|x86
		{AA6EF446-778F-C4ED-D817-CF8232BEDEB2}.Android|Mixed Platforms.Build.0 = Release|x86
		{AA6EF446-778F-C4ED-D817-CF8232BEDEB2}.Android|x64.ActiveCfg = Release|x64
		{AA6EF446-778F-C4ED-D817-CF8232BEDEB2}.Android|x64.Build.0 = Release|x64
		{AA6EF446-778F-C4ED-D817-CF8232BEDEB2}.Android|x86.ActiveCfg = Release|x86
		{AA6EF446-778F-C4ED-D817-CF8232BEDEB2}.Android|x86.Build.0 = Release|x86
		{AA6EF446-778F-C4ED-D817-CF8232BEDEB2}.Debug|Any CPU.ActiveCfg = Debug|Any CPU
		{AA6EF446-778F-C4ED-D817-CF8232BEDEB2}.Debug|Any CPU.Build.0 = Debug|Any CPU
		{AA6EF446-778F-C4ED-D817-CF8232BEDEB2}.Debug|Mixed Platforms.ActiveCfg = Debug|x86
		{AA6EF446-778F-C4ED-D817-CF8232BEDEB2}.Debug|Mixed Platforms.Build.0 = Debug|x86
		{AA6EF446-778F-C4ED-D817-CF8232BEDEB2}.Debug|x64.ActiveCfg = Debug|x64
		{AA6EF446-778F-C4ED-D817-CF8232BEDEB2}.Debug|x64.Build.0 = Debug|x64
		{AA6EF446-778F-C4ED-D817-CF8232BEDEB2}.Debug|x86.ActiveCfg = Debug|x86
		{AA6EF446-778F-C4ED-D817-CF8232BEDEB2}.Debug|x86.Build.0 = Debug|x86
		{AA6EF446-778F-C4ED-D817-CF8232BEDEB2}.iOS|Any CPU.ActiveCfg = Debug|Any CPU
		{AA6EF446-778F-C4ED-D817-CF8232BEDEB2}.iOS|Any CPU.Build.0 = Debug|Any CPU
		{AA6EF446-778F-C4ED-D817-CF8232BEDEB2}.iOS|Mixed Platforms.ActiveCfg = Debug|x86
		{AA6EF446-778F-C4ED-D817-CF8232BEDEB2}.iOS|Mixed Platforms.Build.0 = Debug|x86
		{AA6EF446-778F-C4ED-D817-CF8232BEDEB2}.iOS|x64.ActiveCfg = Release|x64
		{AA6EF446-778F-C4ED-D817-CF8232BEDEB2}.iOS|x64.Build.0 = Release|x64
		{AA6EF446-778F-C4ED-D817-CF8232BEDEB2}.iOS|x86.ActiveCfg = Debug|x86
		{AA6EF446-778F-C4ED-D817-CF8232BEDEB2}.iOS|x86.Build.0 = Debug|x86
		{AA6EF446-778F-C4ED-D817-CF8232BEDEB2}.Linux|Any CPU.ActiveCfg = Release|Any CPU
		{AA6EF446-778F-C4ED-D817-CF8232BEDEB2}.Linux|Any CPU.Build.0 = Release|Any CPU
		{AA6EF446-778F-C4ED-D817-CF8232BEDEB2}.Linux|Mixed Platforms.ActiveCfg = Release|x86
		{AA6EF446-778F-C4ED-D817-CF8232BEDEB2}.Linux|Mixed Platforms.Build.0 = Release|x86
		{AA6EF446-778F-C4ED-D817-CF8232BEDEB2}.Linux|x64.ActiveCfg = Release|x64
		{AA6EF446-778F-C4ED-D817-CF8232BEDEB2}.Linux|x64.Build.0 = Release|x64
		{AA6EF446-778F-C4ED-D817-CF8232BEDEB2}.Linux|x86.ActiveCfg = Release|x86
		{AA6EF446-778F-C4ED-D817-CF8232BEDEB2}.Linux|x86.Build.0 = Release|x86
		{AA6EF446-778F-C4ED-D817-CF8232BEDEB2}.OSX|Any CPU.ActiveCfg = Debug|Any CPU
		{AA6EF446-778F-C4ED-D817-CF8232BEDEB2}.OSX|Any CPU.Build.0 = Debug|Any CPU
		{AA6EF446-778F-C4ED-D817-CF8232BEDEB2}.OSX|Mixed Platforms.ActiveCfg = Debug|x86
		{AA6EF446-778F-C4ED-D817-CF8232BEDEB2}.OSX|Mixed Platforms.Build.0 = Debug|x86
		{AA6EF446-778F-C4ED-D817-CF8232BEDEB2}.OSX|x64.ActiveCfg = Release|x64
		{AA6EF446-778F-C4ED-D817-CF8232BEDEB2}.OSX|x64.Build.0 = Release|x64
		{AA6EF446-778F-C4ED-D817-CF8232BEDEB2}.OSX|x86.ActiveCfg = Debug|x86
		{AA6EF446-778F-C4ED-D817-CF8232BEDEB2}.OSX|x86.Build.0 = Debug|x86
		{AA6EF446-778F-C4ED-D817-CF8232BEDEB2}.PSM|Any CPU.ActiveCfg = Debug|Any CPU
		{AA6EF446-778F-C4ED-D817-CF8232BEDEB2}.PSM|Any CPU.Build.0 = Debug|Any CPU
		{AA6EF446-778F-C4ED-D817-CF8232BEDEB2}.PSM|Mixed Platforms.ActiveCfg = Debug|x86
		{AA6EF446-778F-C4ED-D817-CF8232BEDEB2}.PSM|Mixed Platforms.Build.0 = Debug|x86
		{AA6EF446-778F-C4ED-D817-CF8232BEDEB2}.PSM|x64.ActiveCfg = Release|x64
		{AA6EF446-778F-C4ED-D817-CF8232BEDEB2}.PSM|x64.Build.0 = Release|x64
		{AA6EF446-778F-C4ED-D817-CF8232BEDEB2}.PSM|x86.ActiveCfg = Debug|x86
		{AA6EF446-778F-C4ED-D817-CF8232BEDEB2}.PSM|x86.Build.0 = Debug|x86
		{AA6EF446-778F-C4ED-D817-CF8232BEDEB2}.Release|Any CPU.ActiveCfg = Release|Any CPU
		{AA6EF446-778F-C4ED-D817-CF8232BEDEB2}.Release|Any CPU.Build.0 = Release|Any CPU
		{AA6EF446-778F-C4ED-D817-CF8232BEDEB2}.Release|Mixed Platforms.ActiveCfg = Release|x86
		{AA6EF446-778F-C4ED-D817-CF8232BEDEB2}.Release|Mixed Platforms.Build.0 = Release|x86
		{AA6EF446-778F-C4ED-D817-CF8232BEDEB2}.Release|x64.ActiveCfg = Release|x64
		{AA6EF446-778F-C4ED-D817-CF8232BEDEB2}.Release|x64.Build.0 = Release|x64
		{AA6EF446-778F-C4ED-D817-CF8232BEDEB2}.Release|x86.ActiveCfg = Release|x86
		{AA6EF446-778F-C4ED-D817-CF8232BEDEB2}.Release|x86.Build.0 = Release|x86
		{AA6EF446-778F-C4ED-D817-CF8232BEDEB2}.Windows|Any CPU.ActiveCfg = Release|Any CPU
		{AA6EF446-778F-C4ED-D817-CF8232BEDEB2}.Windows|Any CPU.Build.0 = Release|Any CPU
		{AA6EF446-778F-C4ED-D817-CF8232BEDEB2}.Windows|Mixed Platforms.ActiveCfg = Release|x86
		{AA6EF446-778F-C4ED-D817-CF8232BEDEB2}.Windows|Mixed Platforms.Build.0 = Release|x86
		{AA6EF446-778F-C4ED-D817-CF8232BEDEB2}.Windows|x64.ActiveCfg = Release|x64
		{AA6EF446-778F-C4ED-D817-CF8232BEDEB2}.Windows|x64.Build.0 = Release|x64
		{AA6EF446-778F-C4ED-D817-CF8232BEDEB2}.Windows|x86.ActiveCfg = Release|x86
		{AA6EF446-778F-C4ED-D817-CF8232BEDEB2}.Windows|x86.Build.0 = Release|x86
		{AA6EF446-778F-C4ED-D817-CF8232BEDEB2}.Windows8|Any CPU.ActiveCfg = Release|Any CPU
		{AA6EF446-778F-C4ED-D817-CF8232BEDEB2}.Windows8|Any CPU.Build.0 = Release|Any CPU
		{AA6EF446-778F-C4ED-D817-CF8232BEDEB2}.Windows8|Mixed Platforms.ActiveCfg = Release|x86
		{AA6EF446-778F-C4ED-D817-CF8232BEDEB2}.Windows8|Mixed Platforms.Build.0 = Release|x86
		{AA6EF446-778F-C4ED-D817-CF8232BEDEB2}.Windows8|x64.ActiveCfg = Release|x64
		{AA6EF446-778F-C4ED-D817-CF8232BEDEB2}.Windows8|x64.Build.0 = Release|x64
		{AA6EF446-778F-C4ED-D817-CF8232BEDEB2}.Windows8|x86.ActiveCfg = Release|x86
		{AA6EF446-778F-C4ED-D817-CF8232BEDEB2}.Windows8|x86.Build.0 = Release|x86
		{89D9BF00-90BE-AC5E-DF73-5ED28233C97C}.Android|Any CPU.ActiveCfg = Release|Any CPU
		{89D9BF00-90BE-AC5E-DF73-5ED28233C97C}.Android|Any CPU.Build.0 = Release|Any CPU
		{89D9BF00-90BE-AC5E-DF73-5ED28233C97C}.Android|Mixed Platforms.ActiveCfg = Release|x86
		{89D9BF00-90BE-AC5E-DF73-5ED28233C97C}.Android|Mixed Platforms.Build.0 = Release|x86
		{89D9BF00-90BE-AC5E-DF73-5ED28233C97C}.Android|x64.ActiveCfg = Release|x64
		{89D9BF00-90BE-AC5E-DF73-5ED28233C97C}.Android|x64.Build.0 = Release|x64
		{89D9BF00-90BE-AC5E-DF73-5ED28233C97C}.Android|x86.ActiveCfg = Release|x86
		{89D9BF00-90BE-AC5E-DF73-5ED28233C97C}.Android|x86.Build.0 = Release|x86
		{89D9BF00-90BE-AC5E-DF73-5ED28233C97C}.Debug|Any CPU.ActiveCfg = Debug|Any CPU
		{89D9BF00-90BE-AC5E-DF73-5ED28233C97C}.Debug|Any CPU.Build.0 = Debug|Any CPU
		{89D9BF00-90BE-AC5E-DF73-5ED28233C97C}.Debug|Mixed Platforms.ActiveCfg = Debug|x86
		{89D9BF00-90BE-AC5E-DF73-5ED28233C97C}.Debug|Mixed Platforms.Build.0 = Debug|x86
		{89D9BF00-90BE-AC5E-DF73-5ED28233C97C}.Debug|x64.ActiveCfg = Debug|x64
		{89D9BF00-90BE-AC5E-DF73-5ED28233C97C}.Debug|x64.Build.0 = Debug|x64
		{89D9BF00-90BE-AC5E-DF73-5ED28233C97C}.Debug|x86.ActiveCfg = Debug|x86
		{89D9BF00-90BE-AC5E-DF73-5ED28233C97C}.Debug|x86.Build.0 = Debug|x86
		{89D9BF00-90BE-AC5E-DF73-5ED28233C97C}.iOS|Any CPU.ActiveCfg = Debug|Any CPU
		{89D9BF00-90BE-AC5E-DF73-5ED28233C97C}.iOS|Any CPU.Build.0 = Debug|Any CPU
		{89D9BF00-90BE-AC5E-DF73-5ED28233C97C}.iOS|Mixed Platforms.ActiveCfg = Debug|x86
		{89D9BF00-90BE-AC5E-DF73-5ED28233C97C}.iOS|Mixed Platforms.Build.0 = Debug|x86
		{89D9BF00-90BE-AC5E-DF73-5ED28233C97C}.iOS|x64.ActiveCfg = Release|x64
		{89D9BF00-90BE-AC5E-DF73-5ED28233C97C}.iOS|x64.Build.0 = Release|x64
		{89D9BF00-90BE-AC5E-DF73-5ED28233C97C}.iOS|x86.ActiveCfg = Debug|x86
		{89D9BF00-90BE-AC5E-DF73-5ED28233C97C}.iOS|x86.Build.0 = Debug|x86
		{89D9BF00-90BE-AC5E-DF73-5ED28233C97C}.Linux|Any CPU.ActiveCfg = Release|Any CPU
		{89D9BF00-90BE-AC5E-DF73-5ED28233C97C}.Linux|Any CPU.Build.0 = Release|Any CPU
		{89D9BF00-90BE-AC5E-DF73-5ED28233C97C}.Linux|Mixed Platforms.ActiveCfg = Release|x86
		{89D9BF00-90BE-AC5E-DF73-5ED28233C97C}.Linux|Mixed Platforms.Build.0 = Release|x86
		{89D9BF00-90BE-AC5E-DF73-5ED28233C97C}.Linux|x64.ActiveCfg = Release|x64
		{89D9BF00-90BE-AC5E-DF73-5ED28233C97C}.Linux|x64.Build.0 = Release|x64
		{89D9BF00-90BE-AC5E-DF73-5ED28233C97C}.Linux|x86.ActiveCfg = Release|x86
		{89D9BF00-90BE-AC5E-DF73-5ED28233C97C}.Linux|x86.Build.0 = Release|x86
		{89D9BF00-90BE-AC5E-DF73-5ED28233C97C}.OSX|Any CPU.ActiveCfg = Debug|Any CPU
		{89D9BF00-90BE-AC5E-DF73-5ED28233C97C}.OSX|Any CPU.Build.0 = Debug|Any CPU
		{89D9BF00-90BE-AC5E-DF73-5ED28233C97C}.OSX|Mixed Platforms.ActiveCfg = Debug|x86
		{89D9BF00-90BE-AC5E-DF73-5ED28233C97C}.OSX|Mixed Platforms.Build.0 = Debug|x86
		{89D9BF00-90BE-AC5E-DF73-5ED28233C97C}.OSX|x64.ActiveCfg = Release|x64
		{89D9BF00-90BE-AC5E-DF73-5ED28233C97C}.OSX|x64.Build.0 = Release|x64
		{89D9BF00-90BE-AC5E-DF73-5ED28233C97C}.OSX|x86.ActiveCfg = Debug|x86
		{89D9BF00-90BE-AC5E-DF73-5ED28233C97C}.OSX|x86.Build.0 = Debug|x86
		{89D9BF00-90BE-AC5E-DF73-5ED28233C97C}.PSM|Any CPU.ActiveCfg = Debug|Any CPU
		{89D9BF00-90BE-AC5E-DF73-5ED28233C97C}.PSM|Any CPU.Build.0 = Debug|Any CPU
		{89D9BF00-90BE-AC5E-DF73-5ED28233C97C}.PSM|Mixed Platforms.ActiveCfg = Debug|x86
		{89D9BF00-90BE-AC5E-DF73-5ED28233C97C}.PSM|Mixed Platforms.Build.0 = Debug|x86
		{89D9BF00-90BE-AC5E-DF73-5ED28233C97C}.PSM|x64.ActiveCfg = Release|x64
		{89D9BF00-90BE-AC5E-DF73-5ED28233C97C}.PSM|x64.Build.0 = Release|x64
		{89D9BF00-90BE-AC5E-DF73-5ED28233C97C}.PSM|x86.ActiveCfg = Debug|x86
		{89D9BF00-90BE-AC5E-DF73-5ED28233C97C}.PSM|x86.Build.0 = Debug|x86
		{89D9BF00-90BE-AC5E-DF73-5ED28233C97C}.Release|Any CPU.ActiveCfg = Release|Any CPU
		{89D9BF00-90BE-AC5E-DF73-5ED28233C97C}.Release|Any CPU.Build.0 = Release|Any CPU
		{89D9BF00-90BE-AC5E-DF73-5ED28233C97C}.Release|Mixed Platforms.ActiveCfg = Release|x86
		{89D9BF00-90BE-AC5E-DF73-5ED28233C97C}.Release|Mixed Platforms.Build.0 = Release|x86
		{89D9BF00-90BE-AC5E-DF73-5ED28233C97C}.Release|x64.ActiveCfg = Release|x64
		{89D9BF00-90BE-AC5E-DF73-5ED28233C97C}.Release|x64.Build.0 = Release|x64
		{89D9BF00-90BE-AC5E-DF73-5ED28233C97C}.Release|x86.ActiveCfg = Release|x86
		{89D9BF00-90BE-AC5E-DF73-5ED28233C97C}.Release|x86.Build.0 = Release|x86
		{89D9BF00-90BE-AC5E-DF73-5ED28233C97C}.Windows|Any CPU.ActiveCfg = Release|Any CPU
		{89D9BF00-90BE-AC5E-DF73-5ED28233C97C}.Windows|Any CPU.Build.0 = Release|Any CPU
		{89D9BF00-90BE-AC5E-DF73-5ED28233C97C}.Windows|Mixed Platforms.ActiveCfg = Release|x86
		{89D9BF00-90BE-AC5E-DF73-5ED28233C97C}.Windows|Mixed Platforms.Build.0 = Release|x86
		{89D9BF00-90BE-AC5E-DF73-5ED28233C97C}.Windows|x64.ActiveCfg = Release|x64
		{89D9BF00-90BE-AC5E-DF73-5ED28233C97C}.Windows|x64.Build.0 = Release|x64
		{89D9BF00-90BE-AC5E-DF73-5ED28233C97C}.Windows|x86.ActiveCfg = Release|x86
		{89D9BF00-90BE-AC5E-DF73-5ED28233C97C}.Windows|x86.Build.0 = Release|x86
		{89D9BF00-90BE-AC5E-DF73-5ED28233C97C}.Windows8|Any CPU.ActiveCfg = Release|Any CPU
		{89D9BF00-90BE-AC5E-DF73-5ED28233C97C}.Windows8|Any CPU.Build.0 = Release|Any CPU
		{89D9BF00-90BE-AC5E-DF73-5ED28233C97C}.Windows8|Mixed Platforms.ActiveCfg = Release|x86
		{89D9BF00-90BE-AC5E-DF73-5ED28233C97C}.Windows8|Mixed Platforms.Build.0 = Release|x86
		{89D9BF00-90BE-AC5E-DF73-5ED28233C97C}.Windows8|x64.ActiveCfg = Release|x64
		{89D9BF00-90BE-AC5E-DF73-5ED28233C97C}.Windows8|x64.Build.0 = Release|x64
		{89D9BF00-90BE-AC5E-DF73-5ED28233C97C}.Windows8|x86.ActiveCfg = Release|x86
		{89D9BF00-90BE-AC5E-DF73-5ED28233C97C}.Windows8|x86.Build.0 = Release|x86
		{7EEB4F17-2AF0-6FCC-84B6-FDCA5D248518}.Android|Any CPU.ActiveCfg = Release|Any CPU
		{7EEB4F17-2AF0-6FCC-84B6-FDCA5D248518}.Android|Any CPU.Build.0 = Release|Any CPU
		{7EEB4F17-2AF0-6FCC-84B6-FDCA5D248518}.Android|Mixed Platforms.ActiveCfg = Release|Any CPU
		{7EEB4F17-2AF0-6FCC-84B6-FDCA5D248518}.Android|Mixed Platforms.Build.0 = Release|Any CPU
		{7EEB4F17-2AF0-6FCC-84B6-FDCA5D248518}.Android|x64.ActiveCfg = Release|x64
		{7EEB4F17-2AF0-6FCC-84B6-FDCA5D248518}.Android|x64.Build.0 = Release|x64
		{7EEB4F17-2AF0-6FCC-84B6-FDCA5D248518}.Android|x86.ActiveCfg = Release|Any CPU
		{7EEB4F17-2AF0-6FCC-84B6-FDCA5D248518}.Android|x86.Build.0 = Release|Any CPU
		{7EEB4F17-2AF0-6FCC-84B6-FDCA5D248518}.Debug|Any CPU.ActiveCfg = Debug|Any CPU
		{7EEB4F17-2AF0-6FCC-84B6-FDCA5D248518}.Debug|Any CPU.Build.0 = Debug|Any CPU
		{7EEB4F17-2AF0-6FCC-84B6-FDCA5D248518}.Debug|Mixed Platforms.ActiveCfg = Debug|Any CPU
		{7EEB4F17-2AF0-6FCC-84B6-FDCA5D248518}.Debug|Mixed Platforms.Build.0 = Debug|Any CPU
		{7EEB4F17-2AF0-6FCC-84B6-FDCA5D248518}.Debug|x64.ActiveCfg = Debug|x64
		{7EEB4F17-2AF0-6FCC-84B6-FDCA5D248518}.Debug|x64.Build.0 = Debug|x64
		{7EEB4F17-2AF0-6FCC-84B6-FDCA5D248518}.Debug|x86.ActiveCfg = Debug|Any CPU
		{7EEB4F17-2AF0-6FCC-84B6-FDCA5D248518}.Debug|x86.Build.0 = Debug|Any CPU
		{7EEB4F17-2AF0-6FCC-84B6-FDCA5D248518}.iOS|Any CPU.ActiveCfg = Debug|Any CPU
		{7EEB4F17-2AF0-6FCC-84B6-FDCA5D248518}.iOS|Any CPU.Build.0 = Debug|Any CPU
		{7EEB4F17-2AF0-6FCC-84B6-FDCA5D248518}.iOS|Mixed Platforms.ActiveCfg = Debug|Any CPU
		{7EEB4F17-2AF0-6FCC-84B6-FDCA5D248518}.iOS|Mixed Platforms.Build.0 = Debug|Any CPU
		{7EEB4F17-2AF0-6FCC-84B6-FDCA5D248518}.iOS|x64.ActiveCfg = Release|x64
		{7EEB4F17-2AF0-6FCC-84B6-FDCA5D248518}.iOS|x64.Build.0 = Release|x64
		{7EEB4F17-2AF0-6FCC-84B6-FDCA5D248518}.iOS|x86.ActiveCfg = Debug|Any CPU
		{7EEB4F17-2AF0-6FCC-84B6-FDCA5D248518}.iOS|x86.Build.0 = Debug|Any CPU
		{7EEB4F17-2AF0-6FCC-84B6-FDCA5D248518}.Linux|Any CPU.ActiveCfg = Release|Any CPU
		{7EEB4F17-2AF0-6FCC-84B6-FDCA5D248518}.Linux|Any CPU.Build.0 = Release|Any CPU
		{7EEB4F17-2AF0-6FCC-84B6-FDCA5D248518}.Linux|Mixed Platforms.ActiveCfg = Release|Any CPU
		{7EEB4F17-2AF0-6FCC-84B6-FDCA5D248518}.Linux|Mixed Platforms.Build.0 = Release|Any CPU
		{7EEB4F17-2AF0-6FCC-84B6-FDCA5D248518}.Linux|x64.ActiveCfg = Release|x64
		{7EEB4F17-2AF0-6FCC-84B6-FDCA5D248518}.Linux|x64.Build.0 = Release|x64
		{7EEB4F17-2AF0-6FCC-84B6-FDCA5D248518}.Linux|x86.ActiveCfg = Release|Any CPU
		{7EEB4F17-2AF0-6FCC-84B6-FDCA5D248518}.Linux|x86.Build.0 = Release|Any CPU
		{7EEB4F17-2AF0-6FCC-84B6-FDCA5D248518}.OSX|Any CPU.ActiveCfg = Debug|Any CPU
		{7EEB4F17-2AF0-6FCC-84B6-FDCA5D248518}.OSX|Any CPU.Build.0 = Debug|Any CPU
		{7EEB4F17-2AF0-6FCC-84B6-FDCA5D248518}.OSX|Mixed Platforms.ActiveCfg = Debug|Any CPU
		{7EEB4F17-2AF0-6FCC-84B6-FDCA5D248518}.OSX|Mixed Platforms.Build.0 = Debug|Any CPU
		{7EEB4F17-2AF0-6FCC-84B6-FDCA5D248518}.OSX|x64.ActiveCfg = Release|x64
		{7EEB4F17-2AF0-6FCC-84B6-FDCA5D248518}.OSX|x64.Build.0 = Release|x64
		{7EEB4F17-2AF0-6FCC-84B6-FDCA5D248518}.OSX|x86.ActiveCfg = Debug|Any CPU
		{7EEB4F17-2AF0-6FCC-84B6-FDCA5D248518}.OSX|x86.Build.0 = Debug|Any CPU
		{7EEB4F17-2AF0-6FCC-84B6-FDCA5D248518}.PSM|Any CPU.ActiveCfg = Debug|Any CPU
		{7EEB4F17-2AF0-6FCC-84B6-FDCA5D248518}.PSM|Any CPU.Build.0 = Debug|Any CPU
		{7EEB4F17-2AF0-6FCC-84B6-FDCA5D248518}.PSM|Mixed Platforms.ActiveCfg = Debug|Any CPU
		{7EEB4F17-2AF0-6FCC-84B6-FDCA5D248518}.PSM|Mixed Platforms.Build.0 = Debug|Any CPU
		{7EEB4F17-2AF0-6FCC-84B6-FDCA5D248518}.PSM|x64.ActiveCfg = Release|x64
		{7EEB4F17-2AF0-6FCC-84B6-FDCA5D248518}.PSM|x64.Build.0 = Release|x64
		{7EEB4F17-2AF0-6FCC-84B6-FDCA5D248518}.PSM|x86.ActiveCfg = Debug|Any CPU
		{7EEB4F17-2AF0-6FCC-84B6-FDCA5D248518}.PSM|x86.Build.0 = Debug|Any CPU
		{7EEB4F17-2AF0-6FCC-84B6-FDCA5D248518}.Release|Any CPU.ActiveCfg = Release|Any CPU
		{7EEB4F17-2AF0-6FCC-84B6-FDCA5D248518}.Release|Any CPU.Build.0 = Release|Any CPU
		{7EEB4F17-2AF0-6FCC-84B6-FDCA5D248518}.Release|Mixed Platforms.ActiveCfg = Release|Any CPU
		{7EEB4F17-2AF0-6FCC-84B6-FDCA5D248518}.Release|Mixed Platforms.Build.0 = Release|Any CPU
		{7EEB4F17-2AF0-6FCC-84B6-FDCA5D248518}.Release|x64.ActiveCfg = Release|x64
		{7EEB4F17-2AF0-6FCC-84B6-FDCA5D248518}.Release|x64.Build.0 = Release|x64
		{7EEB4F17-2AF0-6FCC-84B6-FDCA5D248518}.Release|x86.ActiveCfg = Release|Any CPU
		{7EEB4F17-2AF0-6FCC-84B6-FDCA5D248518}.Release|x86.Build.0 = Release|Any CPU
		{7EEB4F17-2AF0-6FCC-84B6-FDCA5D248518}.Windows|Any CPU.ActiveCfg = Release|Any CPU
		{7EEB4F17-2AF0-6FCC-84B6-FDCA5D248518}.Windows|Any CPU.Build.0 = Release|Any CPU
		{7EEB4F17-2AF0-6FCC-84B6-FDCA5D248518}.Windows|Mixed Platforms.ActiveCfg = Release|Any CPU
		{7EEB4F17-2AF0-6FCC-84B6-FDCA5D248518}.Windows|Mixed Platforms.Build.0 = Release|Any CPU
		{7EEB4F17-2AF0-6FCC-84B6-FDCA5D248518}.Windows|x64.ActiveCfg = Release|x64
		{7EEB4F17-2AF0-6FCC-84B6-FDCA5D248518}.Windows|x64.Build.0 = Release|x64
		{7EEB4F17-2AF0-6FCC-84B6-FDCA5D248518}.Windows|x86.ActiveCfg = Release|Any CPU
		{7EEB4F17-2AF0-6FCC-84B6-FDCA5D248518}.Windows|x86.Build.0 = Release|Any CPU
		{7EEB4F17-2AF0-6FCC-84B6-FDCA5D248518}.Windows8|Any CPU.ActiveCfg = Release|Any CPU
		{7EEB4F17-2AF0-6FCC-84B6-FDCA5D248518}.Windows8|Any CPU.Build.0 = Release|Any CPU
		{7EEB4F17-2AF0-6FCC-84B6-FDCA5D248518}.Windows8|Mixed Platforms.ActiveCfg = Release|Any CPU
		{7EEB4F17-2AF0-6FCC-84B6-FDCA5D248518}.Windows8|Mixed Platforms.Build.0 = Release|Any CPU
		{7EEB4F17-2AF0-6FCC-84B6-FDCA5D248518}.Windows8|x64.ActiveCfg = Release|x64
		{7EEB4F17-2AF0-6FCC-84B6-FDCA5D248518}.Windows8|x64.Build.0 = Release|x64
		{7EEB4F17-2AF0-6FCC-84B6-FDCA5D248518}.Windows8|x86.ActiveCfg = Release|Any CPU
		{7EEB4F17-2AF0-6FCC-84B6-FDCA5D248518}.Windows8|x86.Build.0 = Release|Any CPU
		{3A65FFAA-87FA-4166-B916-2DCCD6CE4486}.Android|Any CPU.ActiveCfg = Release|Any CPU
		{3A65FFAA-87FA-4166-B916-2DCCD6CE4486}.Android|Any CPU.Build.0 = Release|Any CPU
		{3A65FFAA-87FA-4166-B916-2DCCD6CE4486}.Android|Mixed Platforms.ActiveCfg = Release|x86
		{3A65FFAA-87FA-4166-B916-2DCCD6CE4486}.Android|Mixed Platforms.Build.0 = Release|x86
		{3A65FFAA-87FA-4166-B916-2DCCD6CE4486}.Android|x64.ActiveCfg = Release|x64
		{3A65FFAA-87FA-4166-B916-2DCCD6CE4486}.Android|x64.Build.0 = Release|x64
		{3A65FFAA-87FA-4166-B916-2DCCD6CE4486}.Android|x86.ActiveCfg = Release|x86
		{3A65FFAA-87FA-4166-B916-2DCCD6CE4486}.Android|x86.Build.0 = Release|x86
		{3A65FFAA-87FA-4166-B916-2DCCD6CE4486}.Debug|Any CPU.ActiveCfg = Debug|Any CPU
		{3A65FFAA-87FA-4166-B916-2DCCD6CE4486}.Debug|Any CPU.Build.0 = Debug|Any CPU
		{3A65FFAA-87FA-4166-B916-2DCCD6CE4486}.Debug|Mixed Platforms.ActiveCfg = Debug|x86
		{3A65FFAA-87FA-4166-B916-2DCCD6CE4486}.Debug|Mixed Platforms.Build.0 = Debug|x86
		{3A65FFAA-87FA-4166-B916-2DCCD6CE4486}.Debug|x64.ActiveCfg = Debug|x64
		{3A65FFAA-87FA-4166-B916-2DCCD6CE4486}.Debug|x64.Build.0 = Debug|x64
		{3A65FFAA-87FA-4166-B916-2DCCD6CE4486}.Debug|x86.ActiveCfg = Debug|x86
		{3A65FFAA-87FA-4166-B916-2DCCD6CE4486}.Debug|x86.Build.0 = Debug|x86
		{3A65FFAA-87FA-4166-B916-2DCCD6CE4486}.iOS|Any CPU.ActiveCfg = Debug|Any CPU
		{3A65FFAA-87FA-4166-B916-2DCCD6CE4486}.iOS|Any CPU.Build.0 = Debug|Any CPU
		{3A65FFAA-87FA-4166-B916-2DCCD6CE4486}.iOS|Mixed Platforms.ActiveCfg = Debug|x86
		{3A65FFAA-87FA-4166-B916-2DCCD6CE4486}.iOS|Mixed Platforms.Build.0 = Debug|x86
		{3A65FFAA-87FA-4166-B916-2DCCD6CE4486}.iOS|x64.ActiveCfg = Release|x64
		{3A65FFAA-87FA-4166-B916-2DCCD6CE4486}.iOS|x64.Build.0 = Release|x64
		{3A65FFAA-87FA-4166-B916-2DCCD6CE4486}.iOS|x86.ActiveCfg = Debug|x86
		{3A65FFAA-87FA-4166-B916-2DCCD6CE4486}.iOS|x86.Build.0 = Debug|x86
		{3A65FFAA-87FA-4166-B916-2DCCD6CE4486}.Linux|Any CPU.ActiveCfg = Release|Any CPU
		{3A65FFAA-87FA-4166-B916-2DCCD6CE4486}.Linux|Any CPU.Build.0 = Release|Any CPU
		{3A65FFAA-87FA-4166-B916-2DCCD6CE4486}.Linux|Mixed Platforms.ActiveCfg = Release|x86
		{3A65FFAA-87FA-4166-B916-2DCCD6CE4486}.Linux|Mixed Platforms.Build.0 = Release|x86
		{3A65FFAA-87FA-4166-B916-2DCCD6CE4486}.Linux|x64.ActiveCfg = Release|x64
		{3A65FFAA-87FA-4166-B916-2DCCD6CE4486}.Linux|x64.Build.0 = Release|x64
		{3A65FFAA-87FA-4166-B916-2DCCD6CE4486}.Linux|x86.ActiveCfg = Release|x86
		{3A65FFAA-87FA-4166-B916-2DCCD6CE4486}.Linux|x86.Build.0 = Release|x86
		{3A65FFAA-87FA-4166-B916-2DCCD6CE4486}.OSX|Any CPU.ActiveCfg = Debug|Any CPU
		{3A65FFAA-87FA-4166-B916-2DCCD6CE4486}.OSX|Any CPU.Build.0 = Debug|Any CPU
		{3A65FFAA-87FA-4166-B916-2DCCD6CE4486}.OSX|Mixed Platforms.ActiveCfg = Debug|x86
		{3A65FFAA-87FA-4166-B916-2DCCD6CE4486}.OSX|Mixed Platforms.Build.0 = Debug|x86
		{3A65FFAA-87FA-4166-B916-2DCCD6CE4486}.OSX|x64.ActiveCfg = Release|x64
		{3A65FFAA-87FA-4166-B916-2DCCD6CE4486}.OSX|x64.Build.0 = Release|x64
		{3A65FFAA-87FA-4166-B916-2DCCD6CE4486}.OSX|x86.ActiveCfg = Debug|x86
		{3A65FFAA-87FA-4166-B916-2DCCD6CE4486}.OSX|x86.Build.0 = Debug|x86
		{3A65FFAA-87FA-4166-B916-2DCCD6CE4486}.PSM|Any CPU.ActiveCfg = Debug|Any CPU
		{3A65FFAA-87FA-4166-B916-2DCCD6CE4486}.PSM|Any CPU.Build.0 = Debug|Any CPU
		{3A65FFAA-87FA-4166-B916-2DCCD6CE4486}.PSM|Mixed Platforms.ActiveCfg = Debug|x86
		{3A65FFAA-87FA-4166-B916-2DCCD6CE4486}.PSM|Mixed Platforms.Build.0 = Debug|x86
		{3A65FFAA-87FA-4166-B916-2DCCD6CE4486}.PSM|x64.ActiveCfg = Release|x64
		{3A65FFAA-87FA-4166-B916-2DCCD6CE4486}.PSM|x64.Build.0 = Release|x64
		{3A65FFAA-87FA-4166-B916-2DCCD6CE4486}.PSM|x86.ActiveCfg = Debug|x86
		{3A65FFAA-87FA-4166-B916-2DCCD6CE4486}.PSM|x86.Build.0 = Debug|x86
		{3A65FFAA-87FA-4166-B916-2DCCD6CE4486}.Release|Any CPU.ActiveCfg = Release|Any CPU
		{3A65FFAA-87FA-4166-B916-2DCCD6CE4486}.Release|Any CPU.Build.0 = Release|Any CPU
		{3A65FFAA-87FA-4166-B916-2DCCD6CE4486}.Release|Mixed Platforms.ActiveCfg = Release|x86
		{3A65FFAA-87FA-4166-B916-2DCCD6CE4486}.Release|Mixed Platforms.Build.0 = Release|x86
		{3A65FFAA-87FA-4166-B916-2DCCD6CE4486}.Release|x64.ActiveCfg = Release|x64
		{3A65FFAA-87FA-4166-B916-2DCCD6CE4486}.Release|x64.Build.0 = Release|x64
		{3A65FFAA-87FA-4166-B916-2DCCD6CE4486}.Release|x86.ActiveCfg = Release|x86
		{3A65FFAA-87FA-4166-B916-2DCCD6CE4486}.Release|x86.Build.0 = Release|x86
		{3A65FFAA-87FA-4166-B916-2DCCD6CE4486}.Windows|Any CPU.ActiveCfg = Release|Any CPU
		{3A65FFAA-87FA-4166-B916-2DCCD6CE4486}.Windows|Any CPU.Build.0 = Release|Any CPU
		{3A65FFAA-87FA-4166-B916-2DCCD6CE4486}.Windows|Mixed Platforms.ActiveCfg = Release|x86
		{3A65FFAA-87FA-4166-B916-2DCCD6CE4486}.Windows|Mixed Platforms.Build.0 = Release|x86
		{3A65FFAA-87FA-4166-B916-2DCCD6CE4486}.Windows|x64.ActiveCfg = Release|x64
		{3A65FFAA-87FA-4166-B916-2DCCD6CE4486}.Windows|x64.Build.0 = Release|x64
		{3A65FFAA-87FA-4166-B916-2DCCD6CE4486}.Windows|x86.ActiveCfg = Release|x86
		{3A65FFAA-87FA-4166-B916-2DCCD6CE4486}.Windows|x86.Build.0 = Release|x86
		{3A65FFAA-87FA-4166-B916-2DCCD6CE4486}.Windows8|Any CPU.ActiveCfg = Release|Any CPU
		{3A65FFAA-87FA-4166-B916-2DCCD6CE4486}.Windows8|Any CPU.Build.0 = Release|Any CPU
		{3A65FFAA-87FA-4166-B916-2DCCD6CE4486}.Windows8|Mixed Platforms.ActiveCfg = Release|x86
		{3A65FFAA-87FA-4166-B916-2DCCD6CE4486}.Windows8|Mixed Platforms.Build.0 = Release|x86
		{3A65FFAA-87FA-4166-B916-2DCCD6CE4486}.Windows8|x64.ActiveCfg = Release|x64
		{3A65FFAA-87FA-4166-B916-2DCCD6CE4486}.Windows8|x64.Build.0 = Release|x64
		{3A65FFAA-87FA-4166-B916-2DCCD6CE4486}.Windows8|x86.ActiveCfg = Release|x86
		{3A65FFAA-87FA-4166-B916-2DCCD6CE4486}.Windows8|x86.Build.0 = Release|x86
		{9D1B2F76-43A5-4C8C-9D76-8E793E6C4A21}.Android|Any CPU.ActiveCfg = Release|x64
		{9D1B2F76-43A5-4C8C-9D76-8E793E6C4A21}.Android|Any CPU.Build.0 = Release|x64
		{9D1B2F76-43A5-4C8C-9D76-8E793E6C4A21}.Android|Mixed Platforms.ActiveCfg = Release|x64
		{9D1B2F76-43A5-4C8C-9D76-8E793E6C4A21}.Android|Mixed Platforms.Build.0 = Release|x64
		{9D1B2F76-43A5-4C8C-9D76-8E793E6C4A21}.Android|x64.ActiveCfg = Release|x64
		{9D1B2F76-43A5-4C8C-9D76-8E793E6C4A21}.Android|x64.Build.0 = Release|x64
		{9D1B2F76-43A5-4C8C-9D76-8E793E6C4A21}.Android|x86.ActiveCfg = Release|x64
		{9D1B2F76-43A5-4C8C-9D76-8E793E6C4A21}.Android|x86.Build.0 = Release|x64
		{9D1B2F76-43A5-4C8C-9D76-8E793E6C4A21}.Debug|Any CPU.ActiveCfg = Debug|x64
		{9D1B2F76-43A5-4C8C-9D76-8E793E6C4A21}.Debug|Any CPU.Build.0 = Debug|x64
		{9D1B2F76-43A5-4C8C-9D76-8E793E6C4A21}.Debug|Mixed Platforms.ActiveCfg = Debug|x64
		{9D1B2F76-43A5-4C8C-9D76-8E793E6C4A21}.Debug|Mixed Platforms.Build.0 = Debug|x64
		{9D1B2F76-43A5-4C8C-9D76-8E793E6C4A21}.Debug|x64.ActiveCfg = Debug|x64
		{9D1B2F76-43A5-4C8C-9D76-8E793E6C4A21}.Debug|x64.Build.0 = Debug|x64
		{9D1B2F76-43A5-4C8C-9D76-8E793E6C4A21}.Debug|x86.ActiveCfg = Debug|x64
		{9D1B2F76-43A5-4C8C-9D76-8E793E6C4A21}.Debug|x86.Build.0 = Debug|x64
		{9D1B2F76-43A5-4C8C-9D76-8E793E6C4A21}.iOS|Any CPU.ActiveCfg = Release|x64
		{9D1B2F76-43A5-4C8C-9D76-8E793E6C4A21}.iOS|Any CPU.Build.0 = Release|x64
		{9D1B2F76-43A5-4C8C-9D76-8E793E6C4A21}.iOS|Mixed Platforms.ActiveCfg = Release|x64
		{9D1B2F76-43A5-4C8C-9D76-8E793E6C4A21}.iOS|Mixed Platforms.Build.0 = Release|x64
		{9D1B2F76-43A5-4C8C-9D76-8E793E6C4A21}.iOS|x64.ActiveCfg = Release|x64
		{9D1B2F76-43A5-4C8C-9D76-8E793E6C4A21}.iOS|x64.Build.0 = Release|x64
		{9D1B2F76-43A5-4C8C-9D76-8E793E6C4A21}.iOS|x86.ActiveCfg = Release|x64
		{9D1B2F76-43A5-4C8C-9D76-8E793E6C4A21}.iOS|x86.Build.0 = Release|x64
		{9D1B2F76-43A5-4C8C-9D76-8E793E6C4A21}.Linux|Any CPU.ActiveCfg = Release|x64
		{9D1B2F76-43A5-4C8C-9D76-8E793E6C4A21}.Linux|Any CPU.Build.0 = Release|x64
		{9D1B2F76-43A5-4C8C-9D76-8E793E6C4A21}.Linux|Mixed Platforms.ActiveCfg = Release|x64
		{9D1B2F76-43A5-4C8C-9D76-8E793E6C4A21}.Linux|Mixed Platforms.Build.0 = Release|x64
		{9D1B2F76-43A5-4C8C-9D76-8E793E6C4A21}.Linux|x64.ActiveCfg = Release|x64
		{9D1B2F76-43A5-4C8C-9D76-8E793E6C4A21}.Linux|x64.Build.0 = Release|x64
		{9D1B2F76-43A5-4C8C-9D76-8E793E6C4A21}.Linux|x86.ActiveCfg = Release|x64
		{9D1B2F76-43A5-4C8C-9D76-8E793E6C4A21}.Linux|x86.Build.0 = Release|x64
		{9D1B2F76-43A5-4C8C-9D76-8E793E6C4A21}.OSX|Any CPU.ActiveCfg = Release|x64
		{9D1B2F76-43A5-4C8C-9D76-8E793E6C4A21}.OSX|Any CPU.Build.0 = Release|x64
		{9D1B2F76-43A5-4C8C-9D76-8E793E6C4A21}.OSX|Mixed Platforms.ActiveCfg = Release|x64
		{9D1B2F76-43A5-4C8C-9D76-8E793E6C4A21}.OSX|Mixed Platforms.Build.0 = Release|x64
		{9D1B2F76-43A5-4C8C-9D76-8E793E6C4A21}.OSX|x64.ActiveCfg = Release|x64
		{9D1B2F76-43A5-4C8C-9D76-8E793E6C4A21}.OSX|x64.Build.0 = Release|x64
		{9D1B2F76-43A5-4C8C-9D76-8E793E6C4A21}.OSX|x86.ActiveCfg = Release|x64
		{9D1B2F76-43A5-4C8C-9D76-8E793E6C4A21}.OSX|x86.Build.0 = Release|x64
		{9D1B2F76-43A5-4C8C-9D76-8E793E6C4A21}.PSM|Any CPU.ActiveCfg = Release|x64
		{9D1B2F76-43A5-4C8C-9D76-8E793E6C4A21}.PSM|Any CPU.Build.0 = Release|x64
		{9D1B2F76-43A5-4C8C-9D76-8E793E6C4A21}.PSM|Mixed Platforms.ActiveCfg = Release|x64
		{9D1B2F76-43A5-4C8C-9D76-8E793E6C4A21}.PSM|Mixed Platforms.Build.0 = Release|x64
		{9D1B2F76-43A5-4C8C-9D76-8E793E6C4A21}.PSM|x64.ActiveCfg = Release|x64
		{9D1B2F76-43A5-4C8C-9D76-8E793E6C4A21}.PSM|x64.Build.0 = Release|x64
		{9D1B2F76-43A5-4C8C-9D76-8E793E6C4A21}.PSM|x86.ActiveCfg = Release|x64
		{9D1B2F76-43A5-4C8C-9D76-8E793E6C4A21}.PSM|x86.Build.0 = Release|x64
		{9D1B2F76-43A5-4C8C-9D76-8E793E6C4A21}.Release|Any CPU.ActiveCfg = Release|x64
		{9D1B2F76-43A5-4C8C-9D76-8E793E6C4A21}.Release|Any CPU.Build.0 = Release|x64
		{9D1B2F76-43A5-4C8C-9D76-8E793E6C4A21}.Release|Mixed Platforms.ActiveCfg = Release|x64
		{9D1B2F76-43A5-4C8C-9D76-8E793E6C4A21}.Release|Mixed Platforms.Build.0 = Release|x64
		{9D1B2F76-43A5-4C8C-9D76-8E793E6C4A21}.Release|x64.ActiveCfg = Release|x64
		{9D1B2F76-43A5-4C8C-9D76-8E793E6C4A21}.Release|x64.Build.0 = Release|x64
		{9D1B2F76-43A5-4C8C-9D76-8E793E6C4A21}.Release|x86.ActiveCfg = Release|x64
		{9D1B2F76-43A5-4C8C-9D76-8E793E6C4A21}.Release|x86.Build.0 = Release|x64
		{9D1B2F76-43A5-4C8C-9D76-8E793E6C4A21}.Windows|Any CPU.ActiveCfg = Release|x64
		{9D1B2F76-43A5-4C8C-9D76-8E793E6C4A21}.Windows|Any CPU.Build.0 = Release|x64
		{9D1B2F76-43A5-4C8C-9D76-8E793E6C4A21}.Windows|Mixed Platforms.ActiveCfg = Release|x64
		{9D1B2F76-43A5-4C8C-9D76-8E793E6C4A21}.Windows|Mixed Platforms.Build.0 = Release|x64
		{9D1B2F76-43A5-4C8C-9D76-8E793E6C4A21}.Windows|x64.ActiveCfg = Release|x64
		{9D1B2F76-43A5-4C8C-9D76-8E793E6C4A21}.Windows|x64.Build.0 = Release|x64
		{9D1B2F76-43A5-4C8C-9D76-8E793E6C4A21}.Windows|x86.ActiveCfg = Release|x64
		{9D1B2F76-43A5-4C8C-9D76-8E793E6C4A21}.Windows|x86.Build.0 = Release|x64
		{9D1B2F76-43A5-4C8C-9D76-8E793E6C4A21}.Windows8|Any CPU.ActiveCfg = Release|x64
		{9D1B2F76-43A5-4C8C-9D76-8E793E6C4A21}.Windows8|Any CPU.Build.0 = Release|x64
		{9D1B2F76-43A5-4C8C-9D76-8E793E6C4A21}.Windows8|Mixed Platforms.ActiveCfg = Release|x64
		{9D1B2F76-43A5-4C8C-9D76-8E793E6C4A21}.Windows8|Mixed Platforms.Build.0 = Release|x64
		{9D1B2F76-43A5-4C8C-9D76-8E793E6C4A21}.Windows8|x64.ActiveCfg = Release|x64
		{9D1B2F76-43A5-4C8C-9D76-8E793E6C4A21}.Windows8|x64.Build.0 = Release|x64
		{9D1B2F76-43A5-4C8C-9D76-8E793E6C4A21}.Windows8|x86.ActiveCfg = Release|x64
		{9D1B2F76-43A5-4C8C-9D76-8E793E6C4A21}.Windows8|x86.Build.0 = Release|x64
		{DEA9E465-30B2-4EC2-957C-ABC7F8A26F08}.Android|Any CPU.ActiveCfg = Debug|Any CPU
		{DEA9E465-30B2-4EC2-957C-ABC7F8A26F08}.Android|Any CPU.Build.0 = Debug|Any CPU
		{DEA9E465-30B2-4EC2-957C-ABC7F8A26F08}.Android|Mixed Platforms.ActiveCfg = Debug|Any CPU
		{DEA9E465-30B2-4EC2-957C-ABC7F8A26F08}.Android|Mixed Platforms.Build.0 = Debug|Any CPU
		{DEA9E465-30B2-4EC2-957C-ABC7F8A26F08}.Android|x64.ActiveCfg = Debug|Any CPU
		{DEA9E465-30B2-4EC2-957C-ABC7F8A26F08}.Android|x64.Build.0 = Debug|Any CPU
		{DEA9E465-30B2-4EC2-957C-ABC7F8A26F08}.Android|x86.ActiveCfg = Debug|Any CPU
		{DEA9E465-30B2-4EC2-957C-ABC7F8A26F08}.Android|x86.Build.0 = Debug|Any CPU
		{DEA9E465-30B2-4EC2-957C-ABC7F8A26F08}.Debug|Any CPU.ActiveCfg = Debug|Any CPU
		{DEA9E465-30B2-4EC2-957C-ABC7F8A26F08}.Debug|Any CPU.Build.0 = Debug|Any CPU
		{DEA9E465-30B2-4EC2-957C-ABC7F8A26F08}.Debug|Mixed Platforms.ActiveCfg = Debug|Any CPU
		{DEA9E465-30B2-4EC2-957C-ABC7F8A26F08}.Debug|Mixed Platforms.Build.0 = Debug|Any CPU
		{DEA9E465-30B2-4EC2-957C-ABC7F8A26F08}.Debug|x64.ActiveCfg = Debug|Any CPU
		{DEA9E465-30B2-4EC2-957C-ABC7F8A26F08}.Debug|x64.Build.0 = Debug|Any CPU
		{DEA9E465-30B2-4EC2-957C-ABC7F8A26F08}.Debug|x86.ActiveCfg = Debug|Any CPU
		{DEA9E465-30B2-4EC2-957C-ABC7F8A26F08}.Debug|x86.Build.0 = Debug|Any CPU
		{DEA9E465-30B2-4EC2-957C-ABC7F8A26F08}.iOS|Any CPU.ActiveCfg = Debug|Any CPU
		{DEA9E465-30B2-4EC2-957C-ABC7F8A26F08}.iOS|Any CPU.Build.0 = Debug|Any CPU
		{DEA9E465-30B2-4EC2-957C-ABC7F8A26F08}.iOS|Mixed Platforms.ActiveCfg = Debug|Any CPU
		{DEA9E465-30B2-4EC2-957C-ABC7F8A26F08}.iOS|Mixed Platforms.Build.0 = Debug|Any CPU
		{DEA9E465-30B2-4EC2-957C-ABC7F8A26F08}.iOS|x64.ActiveCfg = Debug|Any CPU
		{DEA9E465-30B2-4EC2-957C-ABC7F8A26F08}.iOS|x64.Build.0 = Debug|Any CPU
		{DEA9E465-30B2-4EC2-957C-ABC7F8A26F08}.iOS|x86.ActiveCfg = Debug|Any CPU
		{DEA9E465-30B2-4EC2-957C-ABC7F8A26F08}.iOS|x86.Build.0 = Debug|Any CPU
		{DEA9E465-30B2-4EC2-957C-ABC7F8A26F08}.Linux|Any CPU.ActiveCfg = Debug|Any CPU
		{DEA9E465-30B2-4EC2-957C-ABC7F8A26F08}.Linux|Any CPU.Build.0 = Debug|Any CPU
		{DEA9E465-30B2-4EC2-957C-ABC7F8A26F08}.Linux|Mixed Platforms.ActiveCfg = Debug|Any CPU
		{DEA9E465-30B2-4EC2-957C-ABC7F8A26F08}.Linux|Mixed Platforms.Build.0 = Debug|Any CPU
		{DEA9E465-30B2-4EC2-957C-ABC7F8A26F08}.Linux|x64.ActiveCfg = Debug|Any CPU
		{DEA9E465-30B2-4EC2-957C-ABC7F8A26F08}.Linux|x64.Build.0 = Debug|Any CPU
		{DEA9E465-30B2-4EC2-957C-ABC7F8A26F08}.Linux|x86.ActiveCfg = Debug|Any CPU
		{DEA9E465-30B2-4EC2-957C-ABC7F8A26F08}.Linux|x86.Build.0 = Debug|Any CPU
		{DEA9E465-30B2-4EC2-957C-ABC7F8A26F08}.OSX|Any CPU.ActiveCfg = Debug|Any CPU
		{DEA9E465-30B2-4EC2-957C-ABC7F8A26F08}.OSX|Any CPU.Build.0 = Debug|Any CPU
		{DEA9E465-30B2-4EC2-957C-ABC7F8A26F08}.OSX|Mixed Platforms.ActiveCfg = Debug|Any CPU
		{DEA9E465-30B2-4EC2-957C-ABC7F8A26F08}.OSX|Mixed Platforms.Build.0 = Debug|Any CPU
		{DEA9E465-30B2-4EC2-957C-ABC7F8A26F08}.OSX|x64.ActiveCfg = Debug|Any CPU
		{DEA9E465-30B2-4EC2-957C-ABC7F8A26F08}.OSX|x64.Build.0 = Debug|Any CPU
		{DEA9E465-30B2-4EC2-957C-ABC7F8A26F08}.OSX|x86.ActiveCfg = Debug|Any CPU
		{DEA9E465-30B2-4EC2-957C-ABC7F8A26F08}.OSX|x86.Build.0 = Debug|Any CPU
		{DEA9E465-30B2-4EC2-957C-ABC7F8A26F08}.PSM|Any CPU.ActiveCfg = Debug|Any CPU
		{DEA9E465-30B2-4EC2-957C-ABC7F8A26F08}.PSM|Any CPU.Build.0 = Debug|Any CPU
		{DEA9E465-30B2-4EC2-957C-ABC7F8A26F08}.PSM|Mixed Platforms.ActiveCfg = Debug|Any CPU
		{DEA9E465-30B2-4EC2-957C-ABC7F8A26F08}.PSM|Mixed Platforms.Build.0 = Debug|Any CPU
		{DEA9E465-30B2-4EC2-957C-ABC7F8A26F08}.PSM|x64.ActiveCfg = Debug|Any CPU
		{DEA9E465-30B2-4EC2-957C-ABC7F8A26F08}.PSM|x64.Build.0 = Debug|Any CPU
		{DEA9E465-30B2-4EC2-957C-ABC7F8A26F08}.PSM|x86.ActiveCfg = Debug|Any CPU
		{DEA9E465-30B2-4EC2-957C-ABC7F8A26F08}.PSM|x86.Build.0 = Debug|Any CPU
		{DEA9E465-30B2-4EC2-957C-ABC7F8A26F08}.Release|Any CPU.ActiveCfg = Release|Any CPU
		{DEA9E465-30B2-4EC2-957C-ABC7F8A26F08}.Release|Any CPU.Build.0 = Release|Any CPU
		{DEA9E465-30B2-4EC2-957C-ABC7F8A26F08}.Release|Mixed Platforms.ActiveCfg = Release|Any CPU
		{DEA9E465-30B2-4EC2-957C-ABC7F8A26F08}.Release|Mixed Platforms.Build.0 = Release|Any CPU
		{DEA9E465-30B2-4EC2-957C-ABC7F8A26F08}.Release|x64.ActiveCfg = Release|Any CPU
		{DEA9E465-30B2-4EC2-957C-ABC7F8A26F08}.Release|x64.Build.0 = Release|Any CPU
		{DEA9E465-30B2-4EC2-957C-ABC7F8A26F08}.Release|x86.ActiveCfg = Release|Any CPU
		{DEA9E465-30B2-4EC2-957C-ABC7F8A26F08}.Release|x86.Build.0 = Release|Any CPU
		{DEA9E465-30B2-4EC2-957C-ABC7F8A26F08}.Windows|Any CPU.ActiveCfg = Debug|Any CPU
		{DEA9E465-30B2-4EC2-957C-ABC7F8A26F08}.Windows|Any CPU.Build.0 = Debug|Any CPU
		{DEA9E465-30B2-4EC2-957C-ABC7F8A26F08}.Windows|Mixed Platforms.ActiveCfg = Debug|Any CPU
		{DEA9E465-30B2-4EC2-957C-ABC7F8A26F08}.Windows|Mixed Platforms.Build.0 = Debug|Any CPU
		{DEA9E465-30B2-4EC2-957C-ABC7F8A26F08}.Windows|x64.ActiveCfg = Debug|Any CPU
		{DEA9E465-30B2-4EC2-957C-ABC7F8A26F08}.Windows|x64.Build.0 = Debug|Any CPU
		{DEA9E465-30B2-4EC2-957C-ABC7F8A26F08}.Windows|x86.ActiveCfg = Debug|Any CPU
		{DEA9E465-30B2-4EC2-957C-ABC7F8A26F08}.Windows|x86.Build.0 = Debug|Any CPU
		{DEA9E465-30B2-4EC2-957C-ABC7F8A26F08}.Windows8|Any CPU.ActiveCfg = Debug|Any CPU
		{DEA9E465-30B2-4EC2-957C-ABC7F8A26F08}.Windows8|Any CPU.Build.0 = Debug|Any CPU
		{DEA9E465-30B2-4EC2-957C-ABC7F8A26F08}.Windows8|Mixed Platforms.ActiveCfg = Debug|Any CPU
		{DEA9E465-30B2-4EC2-957C-ABC7F8A26F08}.Windows8|Mixed Platforms.Build.0 = Debug|Any CPU
		{DEA9E465-30B2-4EC2-957C-ABC7F8A26F08}.Windows8|x64.ActiveCfg = Debug|Any CPU
		{DEA9E465-30B2-4EC2-957C-ABC7F8A26F08}.Windows8|x64.Build.0 = Debug|Any CPU
		{DEA9E465-30B2-4EC2-957C-ABC7F8A26F08}.Windows8|x86.ActiveCfg = Debug|Any CPU
		{DEA9E465-30B2-4EC2-957C-ABC7F8A26F08}.Windows8|x86.Build.0 = Debug|Any CPU
		{8B3AAED4-BA9E-43B3-99CB-6093FE5B5193}.Android|Any CPU.ActiveCfg = Debug|Any CPU
		{8B3AAED4-BA9E-43B3-99CB-6093FE5B5193}.Android|Any CPU.Build.0 = Debug|Any CPU
		{8B3AAED4-BA9E-43B3-99CB-6093FE5B5193}.Android|Mixed Platforms.ActiveCfg = Debug|Any CPU
		{8B3AAED4-BA9E-43B3-99CB-6093FE5B5193}.Android|Mixed Platforms.Build.0 = Debug|Any CPU
		{8B3AAED4-BA9E-43B3-99CB-6093FE5B5193}.Android|x64.ActiveCfg = Debug|Any CPU
		{8B3AAED4-BA9E-43B3-99CB-6093FE5B5193}.Android|x64.Build.0 = Debug|Any CPU
		{8B3AAED4-BA9E-43B3-99CB-6093FE5B5193}.Android|x86.ActiveCfg = Debug|Any CPU
		{8B3AAED4-BA9E-43B3-99CB-6093FE5B5193}.Android|x86.Build.0 = Debug|Any CPU
		{8B3AAED4-BA9E-43B3-99CB-6093FE5B5193}.Debug|Any CPU.ActiveCfg = Debug|Any CPU
		{8B3AAED4-BA9E-43B3-99CB-6093FE5B5193}.Debug|Any CPU.Build.0 = Debug|Any CPU
		{8B3AAED4-BA9E-43B3-99CB-6093FE5B5193}.Debug|Mixed Platforms.ActiveCfg = Debug|Any CPU
		{8B3AAED4-BA9E-43B3-99CB-6093FE5B5193}.Debug|Mixed Platforms.Build.0 = Debug|Any CPU
		{8B3AAED4-BA9E-43B3-99CB-6093FE5B5193}.Debug|x64.ActiveCfg = Debug|Any CPU
		{8B3AAED4-BA9E-43B3-99CB-6093FE5B5193}.Debug|x64.Build.0 = Debug|Any CPU
		{8B3AAED4-BA9E-43B3-99CB-6093FE5B5193}.Debug|x86.ActiveCfg = Debug|Any CPU
		{8B3AAED4-BA9E-43B3-99CB-6093FE5B5193}.Debug|x86.Build.0 = Debug|Any CPU
		{8B3AAED4-BA9E-43B3-99CB-6093FE5B5193}.iOS|Any CPU.ActiveCfg = Debug|Any CPU
		{8B3AAED4-BA9E-43B3-99CB-6093FE5B5193}.iOS|Any CPU.Build.0 = Debug|Any CPU
		{8B3AAED4-BA9E-43B3-99CB-6093FE5B5193}.iOS|Mixed Platforms.ActiveCfg = Debug|Any CPU
		{8B3AAED4-BA9E-43B3-99CB-6093FE5B5193}.iOS|Mixed Platforms.Build.0 = Debug|Any CPU
		{8B3AAED4-BA9E-43B3-99CB-6093FE5B5193}.iOS|x64.ActiveCfg = Debug|Any CPU
		{8B3AAED4-BA9E-43B3-99CB-6093FE5B5193}.iOS|x64.Build.0 = Debug|Any CPU
		{8B3AAED4-BA9E-43B3-99CB-6093FE5B5193}.iOS|x86.ActiveCfg = Debug|Any CPU
		{8B3AAED4-BA9E-43B3-99CB-6093FE5B5193}.iOS|x86.Build.0 = Debug|Any CPU
		{8B3AAED4-BA9E-43B3-99CB-6093FE5B5193}.Linux|Any CPU.ActiveCfg = Debug|Any CPU
		{8B3AAED4-BA9E-43B3-99CB-6093FE5B5193}.Linux|Any CPU.Build.0 = Debug|Any CPU
		{8B3AAED4-BA9E-43B3-99CB-6093FE5B5193}.Linux|Mixed Platforms.ActiveCfg = Debug|Any CPU
		{8B3AAED4-BA9E-43B3-99CB-6093FE5B5193}.Linux|Mixed Platforms.Build.0 = Debug|Any CPU
		{8B3AAED4-BA9E-43B3-99CB-6093FE5B5193}.Linux|x64.ActiveCfg = Debug|Any CPU
		{8B3AAED4-BA9E-43B3-99CB-6093FE5B5193}.Linux|x64.Build.0 = Debug|Any CPU
		{8B3AAED4-BA9E-43B3-99CB-6093FE5B5193}.Linux|x86.ActiveCfg = Debug|Any CPU
		{8B3AAED4-BA9E-43B3-99CB-6093FE5B5193}.Linux|x86.Build.0 = Debug|Any CPU
		{8B3AAED4-BA9E-43B3-99CB-6093FE5B5193}.OSX|Any CPU.ActiveCfg = Debug|Any CPU
		{8B3AAED4-BA9E-43B3-99CB-6093FE5B5193}.OSX|Any CPU.Build.0 = Debug|Any CPU
		{8B3AAED4-BA9E-43B3-99CB-6093FE5B5193}.OSX|Mixed Platforms.ActiveCfg = Debug|Any CPU
		{8B3AAED4-BA9E-43B3-99CB-6093FE5B5193}.OSX|Mixed Platforms.Build.0 = Debug|Any CPU
		{8B3AAED4-BA9E-43B3-99CB-6093FE5B5193}.OSX|x64.ActiveCfg = Debug|Any CPU
		{8B3AAED4-BA9E-43B3-99CB-6093FE5B5193}.OSX|x64.Build.0 = Debug|Any CPU
		{8B3AAED4-BA9E-43B3-99CB-6093FE5B5193}.OSX|x86.ActiveCfg = Debug|Any CPU
		{8B3AAED4-BA9E-43B3-99CB-6093FE5B5193}.OSX|x86.Build.0 = Debug|Any CPU
		{8B3AAED4-BA9E-43B3-99CB-6093FE5B5193}.PSM|Any CPU.ActiveCfg = Debug|Any CPU
		{8B3AAED4-BA9E-43B3-99CB-6093FE5B5193}.PSM|Any CPU.Build.0 = Debug|Any CPU
		{8B3AAED4-BA9E-43B3-99CB-6093FE5B5193}.PSM|Mixed Platforms.ActiveCfg = Debug|Any CPU
		{8B3AAED4-BA9E-43B3-99CB-6093FE5B5193}.PSM|Mixed Platforms.Build.0 = Debug|Any CPU
		{8B3AAED4-BA9E-43B3-99CB-6093FE5B5193}.PSM|x64.ActiveCfg = Debug|Any CPU
		{8B3AAED4-BA9E-43B3-99CB-6093FE5B5193}.PSM|x64.Build.0 = Debug|Any CPU
		{8B3AAED4-BA9E-43B3-99CB-6093FE5B5193}.PSM|x86.ActiveCfg = Debug|Any CPU
		{8B3AAED4-BA9E-43B3-99CB-6093FE5B5193}.PSM|x86.Build.0 = Debug|Any CPU
		{8B3AAED4-BA9E-43B3-99CB-6093FE5B5193}.Release|Any CPU.ActiveCfg = Release|Any CPU
		{8B3AAED4-BA9E-43B3-99CB-6093FE5B5193}.Release|Any CPU.Build.0 = Release|Any CPU
		{8B3AAED4-BA9E-43B3-99CB-6093FE5B5193}.Release|Mixed Platforms.ActiveCfg = Release|Any CPU
		{8B3AAED4-BA9E-43B3-99CB-6093FE5B5193}.Release|Mixed Platforms.Build.0 = Release|Any CPU
		{8B3AAED4-BA9E-43B3-99CB-6093FE5B5193}.Release|x64.ActiveCfg = Release|Any CPU
		{8B3AAED4-BA9E-43B3-99CB-6093FE5B5193}.Release|x64.Build.0 = Release|Any CPU
		{8B3AAED4-BA9E-43B3-99CB-6093FE5B5193}.Release|x86.ActiveCfg = Release|Any CPU
		{8B3AAED4-BA9E-43B3-99CB-6093FE5B5193}.Release|x86.Build.0 = Release|Any CPU
		{8B3AAED4-BA9E-43B3-99CB-6093FE5B5193}.Windows|Any CPU.ActiveCfg = Debug|Any CPU
		{8B3AAED4-BA9E-43B3-99CB-6093FE5B5193}.Windows|Any CPU.Build.0 = Debug|Any CPU
		{8B3AAED4-BA9E-43B3-99CB-6093FE5B5193}.Windows|Mixed Platforms.ActiveCfg = Debug|Any CPU
		{8B3AAED4-BA9E-43B3-99CB-6093FE5B5193}.Windows|Mixed Platforms.Build.0 = Debug|Any CPU
		{8B3AAED4-BA9E-43B3-99CB-6093FE5B5193}.Windows|x64.ActiveCfg = Debug|Any CPU
		{8B3AAED4-BA9E-43B3-99CB-6093FE5B5193}.Windows|x64.Build.0 = Debug|Any CPU
		{8B3AAED4-BA9E-43B3-99CB-6093FE5B5193}.Windows|x86.ActiveCfg = Debug|Any CPU
		{8B3AAED4-BA9E-43B3-99CB-6093FE5B5193}.Windows|x86.Build.0 = Debug|Any CPU
		{8B3AAED4-BA9E-43B3-99CB-6093FE5B5193}.Windows8|Any CPU.ActiveCfg = Debug|Any CPU
		{8B3AAED4-BA9E-43B3-99CB-6093FE5B5193}.Windows8|Any CPU.Build.0 = Debug|Any CPU
		{8B3AAED4-BA9E-43B3-99CB-6093FE5B5193}.Windows8|Mixed Platforms.ActiveCfg = Debug|Any CPU
		{8B3AAED4-BA9E-43B3-99CB-6093FE5B5193}.Windows8|Mixed Platforms.Build.0 = Debug|Any CPU
		{8B3AAED4-BA9E-43B3-99CB-6093FE5B5193}.Windows8|x64.ActiveCfg = Debug|Any CPU
		{8B3AAED4-BA9E-43B3-99CB-6093FE5B5193}.Windows8|x64.Build.0 = Debug|Any CPU
		{8B3AAED4-BA9E-43B3-99CB-6093FE5B5193}.Windows8|x86.ActiveCfg = Debug|Any CPU
		{8B3AAED4-BA9E-43B3-99CB-6093FE5B5193}.Windows8|x86.Build.0 = Debug|Any CPU
		{9BD5F97D-7D7F-41C8-9D62-AA7BF8AE7434}.Android|Any CPU.ActiveCfg = Debug|Any CPU
		{9BD5F97D-7D7F-41C8-9D62-AA7BF8AE7434}.Android|Any CPU.Build.0 = Debug|Any CPU
		{9BD5F97D-7D7F-41C8-9D62-AA7BF8AE7434}.Android|Mixed Platforms.ActiveCfg = Debug|Any CPU
		{9BD5F97D-7D7F-41C8-9D62-AA7BF8AE7434}.Android|Mixed Platforms.Build.0 = Debug|Any CPU
		{9BD5F97D-7D7F-41C8-9D62-AA7BF8AE7434}.Android|x64.ActiveCfg = Debug|Any CPU
		{9BD5F97D-7D7F-41C8-9D62-AA7BF8AE7434}.Android|x64.Build.0 = Debug|Any CPU
		{9BD5F97D-7D7F-41C8-9D62-AA7BF8AE7434}.Android|x86.ActiveCfg = Debug|Any CPU
		{9BD5F97D-7D7F-41C8-9D62-AA7BF8AE7434}.Android|x86.Build.0 = Debug|Any CPU
		{9BD5F97D-7D7F-41C8-9D62-AA7BF8AE7434}.Debug|Any CPU.ActiveCfg = Debug|Any CPU
		{9BD5F97D-7D7F-41C8-9D62-AA7BF8AE7434}.Debug|Any CPU.Build.0 = Debug|Any CPU
		{9BD5F97D-7D7F-41C8-9D62-AA7BF8AE7434}.Debug|Mixed Platforms.ActiveCfg = Debug|Any CPU
		{9BD5F97D-7D7F-41C8-9D62-AA7BF8AE7434}.Debug|Mixed Platforms.Build.0 = Debug|Any CPU
		{9BD5F97D-7D7F-41C8-9D62-AA7BF8AE7434}.Debug|x64.ActiveCfg = Debug|Any CPU
		{9BD5F97D-7D7F-41C8-9D62-AA7BF8AE7434}.Debug|x64.Build.0 = Debug|Any CPU
		{9BD5F97D-7D7F-41C8-9D62-AA7BF8AE7434}.Debug|x86.ActiveCfg = Debug|Any CPU
		{9BD5F97D-7D7F-41C8-9D62-AA7BF8AE7434}.Debug|x86.Build.0 = Debug|Any CPU
		{9BD5F97D-7D7F-41C8-9D62-AA7BF8AE7434}.iOS|Any CPU.ActiveCfg = Debug|Any CPU
		{9BD5F97D-7D7F-41C8-9D62-AA7BF8AE7434}.iOS|Any CPU.Build.0 = Debug|Any CPU
		{9BD5F97D-7D7F-41C8-9D62-AA7BF8AE7434}.iOS|Mixed Platforms.ActiveCfg = Debug|Any CPU
		{9BD5F97D-7D7F-41C8-9D62-AA7BF8AE7434}.iOS|Mixed Platforms.Build.0 = Debug|Any CPU
		{9BD5F97D-7D7F-41C8-9D62-AA7BF8AE7434}.iOS|x64.ActiveCfg = Debug|Any CPU
		{9BD5F97D-7D7F-41C8-9D62-AA7BF8AE7434}.iOS|x64.Build.0 = Debug|Any CPU
		{9BD5F97D-7D7F-41C8-9D62-AA7BF8AE7434}.iOS|x86.ActiveCfg = Debug|Any CPU
		{9BD5F97D-7D7F-41C8-9D62-AA7BF8AE7434}.iOS|x86.Build.0 = Debug|Any CPU
		{9BD5F97D-7D7F-41C8-9D62-AA7BF8AE7434}.Linux|Any CPU.ActiveCfg = Debug|Any CPU
		{9BD5F97D-7D7F-41C8-9D62-AA7BF8AE7434}.Linux|Any CPU.Build.0 = Debug|Any CPU
		{9BD5F97D-7D7F-41C8-9D62-AA7BF8AE7434}.Linux|Mixed Platforms.ActiveCfg = Debug|Any CPU
		{9BD5F97D-7D7F-41C8-9D62-AA7BF8AE7434}.Linux|Mixed Platforms.Build.0 = Debug|Any CPU
		{9BD5F97D-7D7F-41C8-9D62-AA7BF8AE7434}.Linux|x64.ActiveCfg = Debug|Any CPU
		{9BD5F97D-7D7F-41C8-9D62-AA7BF8AE7434}.Linux|x64.Build.0 = Debug|Any CPU
		{9BD5F97D-7D7F-41C8-9D62-AA7BF8AE7434}.Linux|x86.ActiveCfg = Debug|Any CPU
		{9BD5F97D-7D7F-41C8-9D62-AA7BF8AE7434}.Linux|x86.Build.0 = Debug|Any CPU
		{9BD5F97D-7D7F-41C8-9D62-AA7BF8AE7434}.OSX|Any CPU.ActiveCfg = Debug|Any CPU
		{9BD5F97D-7D7F-41C8-9D62-AA7BF8AE7434}.OSX|Any CPU.Build.0 = Debug|Any CPU
		{9BD5F97D-7D7F-41C8-9D62-AA7BF8AE7434}.OSX|Mixed Platforms.ActiveCfg = Debug|Any CPU
		{9BD5F97D-7D7F-41C8-9D62-AA7BF8AE7434}.OSX|Mixed Platforms.Build.0 = Debug|Any CPU
		{9BD5F97D-7D7F-41C8-9D62-AA7BF8AE7434}.OSX|x64.ActiveCfg = Debug|Any CPU
		{9BD5F97D-7D7F-41C8-9D62-AA7BF8AE7434}.OSX|x64.Build.0 = Debug|Any CPU
		{9BD5F97D-7D7F-41C8-9D62-AA7BF8AE7434}.OSX|x86.ActiveCfg = Debug|Any CPU
		{9BD5F97D-7D7F-41C8-9D62-AA7BF8AE7434}.OSX|x86.Build.0 = Debug|Any CPU
		{9BD5F97D-7D7F-41C8-9D62-AA7BF8AE7434}.PSM|Any CPU.ActiveCfg = Debug|Any CPU
		{9BD5F97D-7D7F-41C8-9D62-AA7BF8AE7434}.PSM|Any CPU.Build.0 = Debug|Any CPU
		{9BD5F97D-7D7F-41C8-9D62-AA7BF8AE7434}.PSM|Mixed Platforms.ActiveCfg = Debug|Any CPU
		{9BD5F97D-7D7F-41C8-9D62-AA7BF8AE7434}.PSM|Mixed Platforms.Build.0 = Debug|Any CPU
		{9BD5F97D-7D7F-41C8-9D62-AA7BF8AE7434}.PSM|x64.ActiveCfg = Debug|Any CPU
		{9BD5F97D-7D7F-41C8-9D62-AA7BF8AE7434}.PSM|x64.Build.0 = Debug|Any CPU
		{9BD5F97D-7D7F-41C8-9D62-AA7BF8AE7434}.PSM|x86.ActiveCfg = Debug|Any CPU
		{9BD5F97D-7D7F-41C8-9D62-AA7BF8AE7434}.PSM|x86.Build.0 = Debug|Any CPU
		{9BD5F97D-7D7F-41C8-9D62-AA7BF8AE7434}.Release|Any CPU.ActiveCfg = Release|Any CPU
		{9BD5F97D-7D7F-41C8-9D62-AA7BF8AE7434}.Release|Any CPU.Build.0 = Release|Any CPU
		{9BD5F97D-7D7F-41C8-9D62-AA7BF8AE7434}.Release|Mixed Platforms.ActiveCfg = Release|Any CPU
		{9BD5F97D-7D7F-41C8-9D62-AA7BF8AE7434}.Release|Mixed Platforms.Build.0 = Release|Any CPU
		{9BD5F97D-7D7F-41C8-9D62-AA7BF8AE7434}.Release|x64.ActiveCfg = Release|Any CPU
		{9BD5F97D-7D7F-41C8-9D62-AA7BF8AE7434}.Release|x64.Build.0 = Release|Any CPU
		{9BD5F97D-7D7F-41C8-9D62-AA7BF8AE7434}.Release|x86.ActiveCfg = Release|Any CPU
		{9BD5F97D-7D7F-41C8-9D62-AA7BF8AE7434}.Release|x86.Build.0 = Release|Any CPU
		{9BD5F97D-7D7F-41C8-9D62-AA7BF8AE7434}.Windows|Any CPU.ActiveCfg = Debug|Any CPU
		{9BD5F97D-7D7F-41C8-9D62-AA7BF8AE7434}.Windows|Any CPU.Build.0 = Debug|Any CPU
		{9BD5F97D-7D7F-41C8-9D62-AA7BF8AE7434}.Windows|Mixed Platforms.ActiveCfg = Debug|Any CPU
		{9BD5F97D-7D7F-41C8-9D62-AA7BF8AE7434}.Windows|Mixed Platforms.Build.0 = Debug|Any CPU
		{9BD5F97D-7D7F-41C8-9D62-AA7BF8AE7434}.Windows|x64.ActiveCfg = Debug|Any CPU
		{9BD5F97D-7D7F-41C8-9D62-AA7BF8AE7434}.Windows|x64.Build.0 = Debug|Any CPU
		{9BD5F97D-7D7F-41C8-9D62-AA7BF8AE7434}.Windows|x86.ActiveCfg = Debug|Any CPU
		{9BD5F97D-7D7F-41C8-9D62-AA7BF8AE7434}.Windows|x86.Build.0 = Debug|Any CPU
		{9BD5F97D-7D7F-41C8-9D62-AA7BF8AE7434}.Windows8|Any CPU.ActiveCfg = Debug|Any CPU
		{9BD5F97D-7D7F-41C8-9D62-AA7BF8AE7434}.Windows8|Any CPU.Build.0 = Debug|Any CPU
		{9BD5F97D-7D7F-41C8-9D62-AA7BF8AE7434}.Windows8|Mixed Platforms.ActiveCfg = Debug|Any CPU
		{9BD5F97D-7D7F-41C8-9D62-AA7BF8AE7434}.Windows8|Mixed Platforms.Build.0 = Debug|Any CPU
		{9BD5F97D-7D7F-41C8-9D62-AA7BF8AE7434}.Windows8|x64.ActiveCfg = Debug|Any CPU
		{9BD5F97D-7D7F-41C8-9D62-AA7BF8AE7434}.Windows8|x64.Build.0 = Debug|Any CPU
		{9BD5F97D-7D7F-41C8-9D62-AA7BF8AE7434}.Windows8|x86.ActiveCfg = Debug|Any CPU
		{9BD5F97D-7D7F-41C8-9D62-AA7BF8AE7434}.Windows8|x86.Build.0 = Debug|Any CPU
	EndGlobalSection
	GlobalSection(SolutionProperties) = preSolution
		HideSolutionNode = FALSE
	EndGlobalSection
	GlobalSection(NestedProjects) = preSolution
		{DEA9E465-30B2-4EC2-957C-ABC7F8A26F08} = {68D11309-A12F-BE18-F211-00DF792D6079}
	EndGlobalSection
	GlobalSection(ExtensibilityGlobals) = postSolution
		SolutionGuid = {0D2A7BC1-374E-4359-AE1C-0FB485DDA2DA}
	EndGlobalSection
EndGlobal
