
Microsoft Visual Studio Solution File, Format Version 12.00
# Visual Studio Version 17
VisualStudioVersion = 17.0.31903.59
MinimumVisualStudioVersion = 10.0.40219.1
Project("{FAE04EC0-301F-11D3-BF4B-00C04F79EFBC}") = "Runtime", "Runtime\Runtime.csproj", "{7263E4A2-0CEC-4DAC-BF4B-82D89B2863BA}"
EndProject
Project("{2150E333-8FDC-42A3-9474-1A3956D46DE8}") = "cs", "cs", "{043C5643-8786-2C14-4347-0E27D1FB2DA7}"
EndProject
Project("{FAE04EC0-301F-11D3-BF4B-00C04F79EFBC}") = "BuildTime", "cs\BuildTime.csproj", "{C8D1E476-9115-4199-90DF-0294E82C8B2C}"
EndProject
Project("{FAE04EC0-301F-11D3-BF4B-00C04F79EFBC}") = "ProjectZ.WpfCompatibility", "..\..\..\Project Z WPF Compatibility\ProjectZ.WpfCompatibility.csproj", "{1E5D2063-0D46-4CA7-B97C-F177ABB83D38}"
EndProject
Project("{F184B08F-C81C-45F6-A57F-5ABD9991F28F}") = "Project Z Windows", "..\..\..\Project Z Windows.vbproj", "{A8816C2B-7FAE-45C4-AE3A-51038079DE09}"
EndProject
Project("{FAE04EC0-301F-11D3-BF4B-00C04F79EFBC}") = "Project Z Model Import", "..\..\..\Project Z Model Import\Project Z Model Import.csproj", "{BA822F77-3E3B-468F-AD4F-24E248C0FAE9}"
EndProject
Project("{2150E333-8FDC-42A3-9474-1A3956D46DE8}") = "vb", "vb", "{7204CD0D-5D0C-95EC-912E-32990B56A225}"
EndProject
Project("{F184B08F-C81C-45F6-A57F-5ABD9991F28F}") = "BuildTime", "vb\BuildTime.vbproj", "{7F394BF5-9974-4BEA-AB25-6FCB940CE188}"
EndProject
Project("{FAE04EC0-301F-11D3-BF4B-00C04F79EFBC}") = "Off", "Off\Off.csproj", "{DE85869D-C32F-4348-B259-B118F1E3BCCC}"
EndProject
Global
	GlobalSection(SolutionConfigurationPlatforms) = preSolution
		Debug|Any CPU = Debug|Any CPU
		Debug|x64 = Debug|x64
		Debug|x86 = Debug|x86
		Release|Any CPU = Release|Any CPU
		Release|x64 = Release|x64
		Release|x86 = Release|x86
	EndGlobalSection
	GlobalSection(ProjectConfigurationPlatforms) = postSolution
		{7263E4A2-0CEC-4DAC-BF4B-82D89B2863BA}.Debug|Any CPU.ActiveCfg = Debug|Any CPU
		{7263E4A2-0CEC-4DAC-BF4B-82D89B2863BA}.Debug|Any CPU.Build.0 = Debug|Any CPU
		{7263E4A2-0CEC-4DAC-BF4B-82D89B2863BA}.Debug|x64.ActiveCfg = Debug|Any CPU
		{7263E4A2-0CEC-4DAC-BF4B-82D89B2863BA}.Debug|x64.Build.0 = Debug|Any CPU
		{7263E4A2-0CEC-4DAC-BF4B-82D89B2863BA}.Debug|x86.ActiveCfg = Debug|Any CPU
		{7263E4A2-0CEC-4DAC-BF4B-82D89B2863BA}.Debug|x86.Build.0 = Debug|Any CPU
		{7263E4A2-0CEC-4DAC-BF4B-82D89B2863BA}.Release|Any CPU.ActiveCfg = Release|Any CPU
		{7263E4A2-0CEC-4DAC-BF4B-82D89B2863BA}.Release|Any CPU.Build.0 = Release|Any CPU
		{7263E4A2-0CEC-4DAC-BF4B-82D89B2863BA}.Release|x64.ActiveCfg = Release|Any CPU
		{7263E4A2-0CEC-4DAC-BF4B-82D89B2863BA}.Release|x64.Build.0 = Release|Any CPU
		{7263E4A2-0CEC-4DAC-BF4B-82D89B2863BA}.Release|x86.ActiveCfg = Release|Any CPU
		{7263E4A2-0CEC-4DAC-BF4B-82D89B2863BA}.Release|x86.Build.0 = Release|Any CPU
		{C8D1E476-9115-4199-90DF-0294E82C8B2C}.Debug|Any CPU.ActiveCfg = Debug|Any CPU
		{C8D1E476-9115-4199-90DF-0294E82C8B2C}.Debug|Any CPU.Build.0 = Debug|Any CPU
		{C8D1E476-9115-4199-90DF-0294E82C8B2C}.Debug|x64.ActiveCfg = Debug|Any CPU
		{C8D1E476-9115-4199-90DF-0294E82C8B2C}.Debug|x64.Build.0 = Debug|Any CPU
		{C8D1E476-9115-4199-90DF-0294E82C8B2C}.Debug|x86.ActiveCfg = Debug|Any CPU
		{C8D1E476-9115-4199-90DF-0294E82C8B2C}.Debug|x86.Build.0 = Debug|Any CPU
		{C8D1E476-9115-4199-90DF-0294E82C8B2C}.Release|Any CPU.ActiveCfg = Release|Any CPU
		{C8D1E476-9115-4199-90DF-0294E82C8B2C}.Release|Any CPU.Build.0 = Release|Any CPU
		{C8D1E476-9115-4199-90DF-0294E82C8B2C}.Release|x64.ActiveCfg = Release|Any CPU
		{C8D1E476-9115-4199-90DF-0294E82C8B2C}.Release|x64.Build.0 = Release|Any CPU
		{C8D1E476-9115-4199-90DF-0294E82C8B2C}.Release|x86.ActiveCfg = Release|Any CPU
		{C8D1E476-9115-4199-90DF-0294E82C8B2C}.Release|x86.Build.0 = Release|Any CPU
		{1E5D2063-0D46-4CA7-B97C-F177ABB83D38}.Debug|Any CPU.ActiveCfg = Debug|Any CPU
		{1E5D2063-0D46-4CA7-B97C-F177ABB83D38}.Debug|Any CPU.Build.0 = Debug|Any CPU
		{1E5D2063-0D46-4CA7-B97C-F177ABB83D38}.Debug|x64.ActiveCfg = Debug|Any CPU
		{1E5D2063-0D46-4CA7-B97C-F177ABB83D38}.Debug|x64.Build.0 = Debug|Any CPU
		{1E5D2063-0D46-4CA7-B97C-F177ABB83D38}.Debug|x86.ActiveCfg = Debug|Any CPU
		{1E5D2063-0D46-4CA7-B97C-F177ABB83D38}.Debug|x86.Build.0 = Debug|Any CPU
		{1E5D2063-0D46-4CA7-B97C-F177ABB83D38}.Release|Any CPU.ActiveCfg = Release|Any CPU
		{1E5D2063-0D46-4CA7-B97C-F177ABB83D38}.Release|Any CPU.Build.0 = Release|Any CPU
		{1E5D2063-0D46-4CA7-B97C-F177ABB83D38}.Release|x64.ActiveCfg = Release|Any CPU
		{1E5D2063-0D46-4CA7-B97C-F177ABB83D38}.Release|x64.Build.0 = Release|Any CPU
		{1E5D2063-0D46-4CA7-B97C-F177ABB83D38}.Release|x86.ActiveCfg = Release|Any CPU
		{1E5D2063-0D46-4CA7-B97C-F177ABB83D38}.Release|x86.Build.0 = Release|Any CPU
		{A8816C2B-7FAE-45C4-AE3A-51038079DE09}.Debug|Any CPU.ActiveCfg = Debug|Any CPU
		{A8816C2B-7FAE-45C4-AE3A-51038079DE09}.Debug|Any CPU.Build.0 = Debug|Any CPU
		{A8816C2B-7FAE-45C4-AE3A-51038079DE09}.Debug|x64.ActiveCfg = Debug|Any CPU
		{A8816C2B-7FAE-45C4-AE3A-51038079DE09}.Debug|x64.Build.0 = Debug|Any CPU
		{A8816C2B-7FAE-45C4-AE3A-51038079DE09}.Debug|x86.ActiveCfg = Debug|Any CPU
		{A8816C2B-7FAE-45C4-AE3A-51038079DE09}.Debug|x86.Build.0 = Debug|Any CPU
		{A8816C2B-7FAE-45C4-AE3A-51038079DE09}.Release|Any CPU.ActiveCfg = Release|Any CPU
		{A8816C2B-7FAE-45C4-AE3A-51038079DE09}.Release|Any CPU.Build.0 = Release|Any CPU
		{A8816C2B-7FAE-45C4-AE3A-51038079DE09}.Release|x64.ActiveCfg = Release|Any CPU
		{A8816C2B-7FAE-45C4-AE3A-51038079DE09}.Release|x64.Build.0 = Release|Any CPU
		{A8816C2B-7FAE-45C4-AE3A-51038079DE09}.Release|x86.ActiveCfg = Release|Any CPU
		{A8816C2B-7FAE-45C4-AE3A-51038079DE09}.Release|x86.Build.0 = Release|Any CPU
		{BA822F77-3E3B-468F-AD4F-24E248C0FAE9}.Debug|Any CPU.ActiveCfg = Debug|Any CPU
		{BA822F77-3E3B-468F-AD4F-24E248C0FAE9}.Debug|Any CPU.Build.0 = Debug|Any CPU
		{BA822F77-3E3B-468F-AD4F-24E248C0FAE9}.Debug|x64.ActiveCfg = Debug|Any CPU
		{BA822F77-3E3B-468F-AD4F-24E248C0FAE9}.Debug|x64.Build.0 = Debug|Any CPU
		{BA822F77-3E3B-468F-AD4F-24E248C0FAE9}.Debug|x86.ActiveCfg = Debug|Any CPU
		{BA822F77-3E3B-468F-AD4F-24E248C0FAE9}.Debug|x86.Build.0 = Debug|Any CPU
		{BA822F77-3E3B-468F-AD4F-24E248C0FAE9}.Release|Any CPU.ActiveCfg = Release|Any CPU
		{BA822F77-3E3B-468F-AD4F-24E248C0FAE9}.Release|Any CPU.Build.0 = Release|Any CPU
		{BA822F77-3E3B-468F-AD4F-24E248C0FAE9}.Release|x64.ActiveCfg = Release|Any CPU
		{BA822F77-3E3B-468F-AD4F-24E248C0FAE9}.Release|x64.Build.0 = Release|Any CPU
		{BA822F77-3E3B-468F-AD4F-24E248C0FAE9}.Release|x86.ActiveCfg = Release|Any CPU
		{BA822F77-3E3B-468F-AD4F-24E248C0FAE9}.Release|x86.Build.0 = Release|Any CPU
		{7F394BF5-9974-4BEA-AB25-6FCB940CE188}.Debug|Any CPU.ActiveCfg = Debug|Any CPU
		{7F394BF5-9974-4BEA-AB25-6FCB940CE188}.Debug|Any CPU.Build.0 = Debug|Any CPU
		{7F394BF5-9974-4BEA-AB25-6FCB940CE188}.Debug|x64.ActiveCfg = Debug|Any CPU
		{7F394BF5-9974-4BEA-AB25-6FCB940CE188}.Debug|x64.Build.0 = Debug|Any CPU
		{7F394BF5-9974-4BEA-AB25-6FCB940CE188}.Debug|x86.ActiveCfg = Debug|Any CPU
		{7F394BF5-9974-4BEA-AB25-6FCB940CE188}.Debug|x86.Build.0 = Debug|Any CPU
		{7F394BF5-9974-4BEA-AB25-6FCB940CE188}.Release|Any CPU.ActiveCfg = Release|Any CPU
		{7F394BF5-9974-4BEA-AB25-6FCB940CE188}.Release|Any CPU.Build.0 = Release|Any CPU
		{7F394BF5-9974-4BEA-AB25-6FCB940CE188}.Release|x64.ActiveCfg = Release|Any CPU
		{7F394BF5-9974-4BEA-AB25-6FCB940CE188}.Release|x64.Build.0 = Release|Any CPU
		{7F394BF5-9974-4BEA-AB25-6FCB940CE188}.Release|x86.ActiveCfg = Release|Any CPU
		{7F394BF5-9974-4BEA-AB25-6FCB940CE188}.Release|x86.Build.0 = Release|Any CPU
		{DE85869D-C32F-4348-B259-B118F1E3BCCC}.Debug|Any CPU.ActiveCfg = Debug|Any CPU
		{DE85869D-C32F-4348-B259-B118F1E3BCCC}.Debug|Any CPU.Build.0 = Debug|Any CPU
		{DE85869D-C32F-4348-B259-B118F1E3BCCC}.Debug|x64.ActiveCfg = Debug|Any CPU
		{DE85869D-C32F-4348-B259-B118F1E3BCCC}.Debug|x64.Build.0 = Debug|Any CPU
		{DE85869D-C32F-4348-B259-B118F1E3BCCC}.Debug|x86.ActiveCfg = Debug|Any CPU
		{DE85869D-C32F-4348-B259-B118F1E3BCCC}.Debug|x86.Build.0 = Debug|Any CPU
		{DE85869D-C32F-4348-B259-B118F1E3BCCC}.Release|Any CPU.ActiveCfg = Release|Any CPU
		{DE85869D-C32F-4348-B259-B118F1E3BCCC}.Release|Any CPU.Build.0 = Release|Any CPU
		{DE85869D-C32F-4348-B259-B118F1E3BCCC}.Release|x64.ActiveCfg = Release|Any CPU
		{DE85869D-C32F-4348-B259-B118F1E3BCCC}.Release|x64.Build.0 = Release|Any CPU
		{DE85869D-C32F-4348-B259-B118F1E3BCCC}.Release|x86.ActiveCfg = Release|Any CPU
		{DE85869D-C32F-4348-B259-B118F1E3BCCC}.Release|x86.Build.0 = Release|Any CPU
	EndGlobalSection
	GlobalSection(SolutionProperties) = preSolution
		HideSolutionNode = FALSE
	EndGlobalSection
	GlobalSection(NestedProjects) = preSolution
		{C8D1E476-9115-4199-90DF-0294E82C8B2C} = {043C5643-8786-2C14-4347-0E27D1FB2DA7}
		{7F394BF5-9974-4BEA-AB25-6FCB940CE188} = {7204CD0D-5D0C-95EC-912E-32990B56A225}
	EndGlobalSection
EndGlobal
